{
  "version": 4,
  "terraform_version": "1.3.4",
  "serial": 1455,
  "lineage": "86af2df6-299e-ec12-8b71-01dfed063e5e",
  "outputs": {
    "endpoint": {
      "value": "foundry-server-default-1018793718.us-east-2.elb.amazonaws.com",
      "type": "string"
    }
  },
  "resources": [
    {
      "module": "module.foundry_server",
      "mode": "data",
      "type": "aws_iam_policy_document",
      "name": "foundry_data_efs",
      "provider": "provider[\"registry.terraform.io/hashicorp/aws\"]",
      "instances": [
        {
          "schema_version": 0,
          "attributes": {
            "id": "1972018998",
            "json": "{\n  \"Version\": \"2012-10-17\",\n  \"Statement\": [\n    {\n      \"Sid\": \"FoundryServerMountAccess\",\n      \"Effect\": \"Allow\",\n      \"Action\": [\n        \"elasticfilesystem:ClientRootAccess\",\n        \"elasticfilesystem:ClientMount\"\n      ],\n      \"Resource\": \"arn:aws:elasticfilesystem:us-east-2:373055206579:file-system/fs-040126d63366d6819\",\n      \"Principal\": {\n        \"AWS\": \"arn:aws:iam::373055206579:role/foundry-server-default20221110160731545300000001\"\n      },\n      \"Condition\": {\n        \"Bool\": {\n          \"aws:SecureTransport\": \"true\"\n        }\n      }\n    },\n    {\n      \"Sid\": \"FoundryServerWriteAccess\",\n      \"Effect\": \"Allow\",\n      \"Action\": [\n        \"elasticfilesystem:ClientWrite\",\n        \"elasticfilesystem:ClientRootAccess\"\n      ],\n      \"Resource\": \"arn:aws:elasticfilesystem:us-east-2:373055206579:file-system/fs-040126d63366d6819\",\n      \"Principal\": {\n        \"AWS\": \"arn:aws:iam::373055206579:role/foundry-server-default20221110160731545300000001\"\n      },\n      \"Condition\": {\n        \"Bool\": {\n          \"aws:SecureTransport\": \"true\"\n        },\n        \"StringEquals\": {\n          \"elasticfilesystem:AccessPointArn\": \"arn:aws:elasticfilesystem:us-east-2:373055206579:access-point/fsap-09857b5298e858c1b\"\n        }\n      }\n    }\n  ]\n}",
            "override_json": null,
            "override_policy_documents": null,
            "policy_id": null,
            "source_json": null,
            "source_policy_documents": null,
            "statement": [
              {
                "actions": [
                  "elasticfilesystem:ClientMount",
                  "elasticfilesystem:ClientRootAccess"
                ],
                "condition": [
                  {
                    "test": "Bool",
                    "values": [
                      "true"
                    ],
                    "variable": "aws:SecureTransport"
                  }
                ],
                "effect": "Allow",
                "not_actions": [],
                "not_principals": [],
                "not_resources": [],
                "principals": [
                  {
                    "identifiers": [
                      "arn:aws:iam::373055206579:role/foundry-server-default20221110160731545300000001"
                    ],
                    "type": "AWS"
                  }
                ],
                "resources": [
                  "arn:aws:elasticfilesystem:us-east-2:373055206579:file-system/fs-040126d63366d6819"
                ],
                "sid": "FoundryServerMountAccess"
              },
              {
                "actions": [
                  "elasticfilesystem:ClientRootAccess",
                  "elasticfilesystem:ClientWrite"
                ],
                "condition": [
                  {
                    "test": "Bool",
                    "values": [
                      "true"
                    ],
                    "variable": "aws:SecureTransport"
                  },
                  {
                    "test": "StringEquals",
                    "values": [
                      "arn:aws:elasticfilesystem:us-east-2:373055206579:access-point/fsap-09857b5298e858c1b"
                    ],
                    "variable": "elasticfilesystem:AccessPointArn"
                  }
                ],
                "effect": "Allow",
                "not_actions": [],
                "not_principals": [],
                "not_resources": [],
                "principals": [
                  {
                    "identifiers": [
                      "arn:aws:iam::373055206579:role/foundry-server-default20221110160731545300000001"
                    ],
                    "type": "AWS"
                  }
                ],
                "resources": [
                  "arn:aws:elasticfilesystem:us-east-2:373055206579:file-system/fs-040126d63366d6819"
                ],
                "sid": "FoundryServerWriteAccess"
              }
            ],
            "version": "2012-10-17"
          },
          "sensitive_attributes": []
        }
      ]
    },
    {
      "module": "module.foundry_server",
      "mode": "data",
      "type": "aws_iam_policy_document",
      "name": "foundry_server",
      "provider": "provider[\"registry.terraform.io/hashicorp/aws\"]",
      "instances": [
        {
          "schema_version": 0,
          "attributes": {
            "id": "2353447689",
            "json": "{\n  \"Version\": \"2012-10-17\",\n  \"Statement\": [\n    {\n      \"Sid\": \"CloudwatchLogAccess\",\n      \"Effect\": \"Allow\",\n      \"Action\": [\n        \"logs:PutLogEvents\",\n        \"logs:DescribeLogStreams\",\n        \"logs:CreateLog*\"\n      ],\n      \"Resource\": \"arn:aws:logs:*:*:*\"\n    },\n    {\n      \"Sid\": \"AllowFoundryCredentialsEcsExec\",\n      \"Effect\": \"Allow\",\n      \"Action\": [\n        \"ssmmessages:OpenDataChannel\",\n        \"ssmmessages:OpenControlChannel\",\n        \"ssmmessages:CreateDataChannel\",\n        \"ssmmessages:CreateControlChannel\"\n      ],\n      \"Resource\": \"*\"\n    },\n    {\n      \"Sid\": \"AllowFoundryCredentialsKMSAccess\",\n      \"Effect\": \"Allow\",\n      \"Action\": [\n        \"kms:ReEncrypt\",\n        \"kms:Encrypt\",\n        \"kms:Decrypt\"\n      ],\n      \"Resource\": \"arn:aws:kms:us-east-2:373055206579:key/9756b1fd-f377-4140-898e-683c9fec4fb4\"\n    },\n    {\n      \"Sid\": \"AllowFoundryCredentialsAccess\",\n      \"Effect\": \"Allow\",\n      \"Action\": \"ssm:GetParameter*\",\n      \"Resource\": [\n        \"arn:aws:ssm:us-east-2:373055206579:parameter/foundryvtt-terraform/default/username\",\n        \"arn:aws:ssm:us-east-2:373055206579:parameter/foundryvtt-terraform/default/password\",\n        \"arn:aws:ssm:us-east-2:373055206579:parameter/foundryvtt-terraform/default/admin_key\"\n      ]\n    },\n    {\n      \"Sid\": \"S3ListAllBucketsAccess\",\n      \"Effect\": \"Allow\",\n      \"Action\": \"s3:ListAllMyBuckets\",\n      \"Resource\": \"*\"\n    },\n    {\n      \"Sid\": \"S3BucketAccess\",\n      \"Effect\": \"Allow\",\n      \"Action\": [\n        \"s3:List*\",\n        \"s3:GetBucket*\"\n      ],\n      \"Resource\": \"arn:aws:s3:::foundry-server-artifacts-default\"\n    },\n    {\n      \"Sid\": \"S3BucketObjectGetAccess\",\n      \"Effect\": \"Allow\",\n      \"Action\": \"s3:GetObject*\",\n      \"Resource\": \"arn:aws:s3:::foundry-server-artifacts-default/*\"\n    },\n    {\n      \"Sid\": \"S3BucketObjectPutAccess\",\n      \"Effect\": \"Allow\",\n      \"Action\": \"s3:PutObject*\",\n      \"Resource\": \"arn:aws:s3:::foundry-server-artifacts-default/data/default/*\"\n    },\n    {\n      \"Sid\": \"EFSFoundryDataWriteAccess\",\n      \"Effect\": \"Allow\",\n      \"Action\": [\n        \"elasticfilesystem:ClientWrite\",\n        \"elasticfilesystem:ClientRootAccess\",\n        \"elasticfilesystem:ClientMount\"\n      ],\n      \"Resource\": \"arn:aws:elasticfilesystem:us-east-2:373055206579:file-system/fs-040126d63366d6819\",\n      \"Condition\": {\n        \"Bool\": {\n          \"aws:SecureTransport\": \"true\"\n        },\n        \"StringEquals\": {\n          \"elasticfilesystem:AccessPointArn\": \"arn:aws:elasticfilesystem:us-east-2:373055206579:access-point/fsap-09857b5298e858c1b\"\n        }\n      }\n    }\n  ]\n}",
            "override_json": null,
            "override_policy_documents": null,
            "policy_id": null,
            "source_json": null,
            "source_policy_documents": null,
            "statement": [
              {
                "actions": [
                  "logs:CreateLog*",
                  "logs:DescribeLogStreams",
                  "logs:PutLogEvents"
                ],
                "condition": [],
                "effect": "Allow",
                "not_actions": [],
                "not_principals": [],
                "not_resources": [],
                "principals": [],
                "resources": [
                  "arn:aws:logs:*:*:*"
                ],
                "sid": "CloudwatchLogAccess"
              },
              {
                "actions": [
                  "ssmmessages:CreateControlChannel",
                  "ssmmessages:CreateDataChannel",
                  "ssmmessages:OpenControlChannel",
                  "ssmmessages:OpenDataChannel"
                ],
                "condition": [],
                "effect": "Allow",
                "not_actions": [],
                "not_principals": [],
                "not_resources": [],
                "principals": [],
                "resources": [
                  "*"
                ],
                "sid": "AllowFoundryCredentialsEcsExec"
              },
              {
                "actions": [
                  "kms:Decrypt",
                  "kms:Encrypt",
                  "kms:ReEncrypt"
                ],
                "condition": [],
                "effect": "Allow",
                "not_actions": [],
                "not_principals": [],
                "not_resources": [],
                "principals": [],
                "resources": [
                  "arn:aws:kms:us-east-2:373055206579:key/9756b1fd-f377-4140-898e-683c9fec4fb4"
                ],
                "sid": "AllowFoundryCredentialsKMSAccess"
              },
              {
                "actions": [
                  "ssm:GetParameter*"
                ],
                "condition": [],
                "effect": "Allow",
                "not_actions": [],
                "not_principals": [],
                "not_resources": [],
                "principals": [],
                "resources": [
                  "arn:aws:ssm:us-east-2:373055206579:parameter/foundryvtt-terraform/default/admin_key",
                  "arn:aws:ssm:us-east-2:373055206579:parameter/foundryvtt-terraform/default/password",
                  "arn:aws:ssm:us-east-2:373055206579:parameter/foundryvtt-terraform/default/username"
                ],
                "sid": "AllowFoundryCredentialsAccess"
              },
              {
                "actions": [
                  "s3:ListAllMyBuckets"
                ],
                "condition": [],
                "effect": "Allow",
                "not_actions": [],
                "not_principals": [],
                "not_resources": [],
                "principals": [],
                "resources": [
                  "*"
                ],
                "sid": "S3ListAllBucketsAccess"
              },
              {
                "actions": [
                  "s3:GetBucket*",
                  "s3:List*"
                ],
                "condition": [],
                "effect": "Allow",
                "not_actions": [],
                "not_principals": [],
                "not_resources": [],
                "principals": [],
                "resources": [
                  "arn:aws:s3:::foundry-server-artifacts-default"
                ],
                "sid": "S3BucketAccess"
              },
              {
                "actions": [
                  "s3:GetObject*"
                ],
                "condition": [],
                "effect": "Allow",
                "not_actions": [],
                "not_principals": [],
                "not_resources": [],
                "principals": [],
                "resources": [
                  "arn:aws:s3:::foundry-server-artifacts-default/*"
                ],
                "sid": "S3BucketObjectGetAccess"
              },
              {
                "actions": [
                  "s3:PutObject*"
                ],
                "condition": [],
                "effect": "Allow",
                "not_actions": [],
                "not_principals": [],
                "not_resources": [],
                "principals": [],
                "resources": [
                  "arn:aws:s3:::foundry-server-artifacts-default/data/default/*"
                ],
                "sid": "S3BucketObjectPutAccess"
              },
              {
                "actions": [
                  "elasticfilesystem:ClientMount",
                  "elasticfilesystem:ClientRootAccess",
                  "elasticfilesystem:ClientWrite"
                ],
                "condition": [
                  {
                    "test": "Bool",
                    "values": [
                      "true"
                    ],
                    "variable": "aws:SecureTransport"
                  },
                  {
                    "test": "StringEquals",
                    "values": [
                      "arn:aws:elasticfilesystem:us-east-2:373055206579:access-point/fsap-09857b5298e858c1b"
                    ],
                    "variable": "elasticfilesystem:AccessPointArn"
                  }
                ],
                "effect": "Allow",
                "not_actions": [],
                "not_principals": [],
                "not_resources": [],
                "principals": [],
                "resources": [
                  "arn:aws:elasticfilesystem:us-east-2:373055206579:file-system/fs-040126d63366d6819"
                ],
                "sid": "EFSFoundryDataWriteAccess"
              }
            ],
            "version": "2012-10-17"
          },
          "sensitive_attributes": []
        }
      ]
    },
    {
      "module": "module.foundry_server",
      "mode": "data",
      "type": "aws_iam_policy_document",
      "name": "foundry_server_assume_role",
      "provider": "provider[\"registry.terraform.io/hashicorp/aws\"]",
      "instances": [
        {
          "schema_version": 0,
          "attributes": {
            "id": "3997893805",
            "json": "{\n  \"Version\": \"2012-10-17\",\n  \"Statement\": [\n    {\n      \"Sid\": \"ECSTaskAccess\",\n      \"Effect\": \"Allow\",\n      \"Action\": \"sts:AssumeRole\",\n      \"Principal\": {\n        \"Service\": \"ecs-tasks.amazonaws.com\"\n      }\n    }\n  ]\n}",
            "override_json": null,
            "override_policy_documents": null,
            "policy_id": null,
            "source_json": null,
            "source_policy_documents": null,
            "statement": [
              {
                "actions": [
                  "sts:AssumeRole"
                ],
                "condition": [],
                "effect": "Allow",
                "not_actions": [],
                "not_principals": [],
                "not_resources": [],
                "principals": [
                  {
                    "identifiers": [
                      "ecs-tasks.amazonaws.com"
                    ],
                    "type": "Service"
                  }
                ],
                "resources": [],
                "sid": "ECSTaskAccess"
              }
            ],
            "version": "2012-10-17"
          },
          "sensitive_attributes": []
        }
      ]
    },
    {
      "module": "module.foundry_server",
      "mode": "data",
      "type": "aws_iam_policy_document",
      "name": "foundry_server_kms_key",
      "provider": "provider[\"registry.terraform.io/hashicorp/aws\"]",
      "instances": [
        {
          "schema_version": 0,
          "attributes": {
            "id": "366540494",
            "json": "{\n  \"Version\": \"2012-10-17\",\n  \"Statement\": [\n    {\n      \"Sid\": \"RestrictFoundryCredentialsAdminAccess\",\n      \"Effect\": \"Allow\",\n      \"Action\": [\n        \"kms:Update*\",\n        \"kms:ScheduleKeyDeletion\",\n        \"kms:Revoke*\",\n        \"kms:Put*\",\n        \"kms:List*\",\n        \"kms:Get*\",\n        \"kms:Enable*\",\n        \"kms:Disable*\",\n        \"kms:Describe*\",\n        \"kms:Delete*\",\n        \"kms:Create*\",\n        \"kms:CancelKeyDeletion\"\n      ],\n      \"Resource\": \"*\",\n      \"Principal\": {\n        \"AWS\": [\n          \"arn:aws:iam::373055206579:root\",\n          \"arn:aws:iam::373055206579:role/foundryvtt-kms-role\"\n        ]\n      }\n    },\n    {\n      \"Sid\": \"RestrictFoundryCredentialsAccess\",\n      \"Effect\": \"Allow\",\n      \"Action\": \"kms:*\",\n      \"Resource\": \"*\",\n      \"Principal\": {\n        \"AWS\": [\n          \"arn:aws:iam::373055206579:root\",\n          \"arn:aws:iam::373055206579:role/foundryvtt-kms-role\",\n          \"arn:aws:iam::373055206579:role/foundry-server-default20221110160731545300000001\"\n        ]\n      }\n    }\n  ]\n}",
            "override_json": null,
            "override_policy_documents": null,
            "policy_id": null,
            "source_json": null,
            "source_policy_documents": null,
            "statement": [
              {
                "actions": [
                  "kms:CancelKeyDeletion",
                  "kms:Create*",
                  "kms:Delete*",
                  "kms:Describe*",
                  "kms:Disable*",
                  "kms:Enable*",
                  "kms:Get*",
                  "kms:List*",
                  "kms:Put*",
                  "kms:Revoke*",
                  "kms:ScheduleKeyDeletion",
                  "kms:Update*"
                ],
                "condition": [],
                "effect": "Allow",
                "not_actions": [],
                "not_principals": [],
                "not_resources": [],
                "principals": [
                  {
                    "identifiers": [
                      "arn:aws:iam::373055206579:role/foundryvtt-kms-role",
                      "arn:aws:iam::373055206579:root"
                    ],
                    "type": "AWS"
                  }
                ],
                "resources": [
                  "*"
                ],
                "sid": "RestrictFoundryCredentialsAdminAccess"
              },
              {
                "actions": [
                  "kms:*"
                ],
                "condition": [],
                "effect": "Allow",
                "not_actions": [],
                "not_principals": [],
                "not_resources": [],
                "principals": [
                  {
                    "identifiers": [
                      "arn:aws:iam::373055206579:role/foundry-server-default20221110160731545300000001",
                      "arn:aws:iam::373055206579:role/foundryvtt-kms-role",
                      "arn:aws:iam::373055206579:root"
                    ],
                    "type": "AWS"
                  }
                ],
                "resources": [
                  "*"
                ],
                "sid": "RestrictFoundryCredentialsAccess"
              }
            ],
            "version": "2012-10-17"
          },
          "sensitive_attributes": []
        }
      ]
    },
    {
      "module": "module.foundry_server",
      "mode": "data",
      "type": "aws_region",
      "name": "current",
      "provider": "provider[\"registry.terraform.io/hashicorp/aws\"]",
      "instances": [
        {
          "schema_version": 0,
          "attributes": {
            "description": "US East (Ohio)",
            "endpoint": "ec2.us-east-2.amazonaws.com",
            "id": "us-east-2",
            "name": "us-east-2"
          },
          "sensitive_attributes": []
        }
      ]
    },
    {
      "module": "module.foundry_server",
      "mode": "managed",
      "type": "aws_ecs_cluster",
      "name": "foundry_server",
      "provider": "provider[\"registry.terraform.io/hashicorp/aws\"]",
      "instances": [
        {
          "schema_version": 0,
          "attributes": {
            "arn": "arn:aws:ecs:us-east-2:373055206579:cluster/foundry-server-default",
            "capacity_providers": [
              "FARGATE"
            ],
            "configuration": [],
            "default_capacity_provider_strategy": [
              {
                "base": 1,
                "capacity_provider": "FARGATE",
                "weight": 100
              }
            ],
            "id": "arn:aws:ecs:us-east-2:373055206579:cluster/foundry-server-default",
            "name": "foundry-server-default",
            "setting": [
              {
                "name": "containerInsights",
                "value": "enabled"
              }
            ],
            "tags": {},
            "tags_all": {}
          },
          "sensitive_attributes": [],
          "private": "bnVsbA==",
          "create_before_destroy": true
        }
      ]
    },
    {
      "module": "module.foundry_server",
      "mode": "managed",
      "type": "aws_ecs_cluster_capacity_providers",
      "name": "foundry_server",
      "provider": "provider[\"registry.terraform.io/hashicorp/aws\"]",
      "instances": [
        {
          "schema_version": 0,
          "attributes": {
            "capacity_providers": [
              "FARGATE"
            ],
            "cluster_name": "foundry-server-default",
            "default_capacity_provider_strategy": [
              {
                "base": 1,
                "capacity_provider": "FARGATE",
                "weight": 100
              }
            ],
            "id": "foundry-server-default"
          },
          "sensitive_attributes": [],
          "private": "bnVsbA==",
          "dependencies": [
            "module.foundry_server.aws_ecs_cluster.foundry_server"
          ]
        }
      ]
    },
    {
      "module": "module.foundry_server",
      "mode": "managed",
      "type": "aws_ecs_service",
      "name": "foundry_server",
      "provider": "provider[\"registry.terraform.io/hashicorp/aws\"]",
      "instances": [
        {
          "schema_version": 0,
          "attributes": {
            "capacity_provider_strategy": [],
            "cluster": "arn:aws:ecs:us-east-2:373055206579:cluster/foundry-server-default",
            "deployment_circuit_breaker": [
              {
                "enable": false,
                "rollback": false
              }
            ],
            "deployment_controller": [
              {
                "type": "ECS"
              }
            ],
            "deployment_maximum_percent": 200,
            "deployment_minimum_healthy_percent": 100,
            "desired_count": 1,
            "enable_ecs_managed_tags": false,
            "enable_execute_command": true,
            "force_new_deployment": null,
            "health_check_grace_period_seconds": 120,
            "iam_role": "aws-service-role",
            "id": "arn:aws:ecs:us-east-2:373055206579:service/foundry-server-default/foundry-server-default",
            "launch_type": "FARGATE",
            "load_balancer": [
              {
                "container_name": "foundry-server-default",
                "container_port": 30000,
                "elb_name": "",
                "target_group_arn": "arn:aws:elasticloadbalancing:us-east-2:373055206579:targetgroup/foundry-server-default-https-tg/4c9420dd1cf74653"
              }
            ],
            "name": "foundry-server-default",
            "network_configuration": [
              {
                "assign_public_ip": false,
                "security_groups": [
                  "sg-081690a70c09ea2a5"
                ],
                "subnets": [
                  "subnet-05b8e29dc3156c2ea",
                  "subnet-0fb749845945c2b85"
                ]
              }
            ],
            "ordered_placement_strategy": [],
            "placement_constraints": [],
            "platform_version": "1.4.0",
            "propagate_tags": "NONE",
            "scheduling_strategy": "REPLICA",
            "service_registries": [],
            "tags": {},
            "tags_all": {},
            "task_definition": "arn:aws:ecs:us-east-2:373055206579:task-definition/foundry-server-default:57",
            "timeouts": null,
            "wait_for_steady_state": false
          },
          "sensitive_attributes": [],
          "private": "eyJlMmJmYjczMC1lY2FhLTExZTYtOGY4OC0zNDM2M2JjN2M0YzAiOnsiY3JlYXRlIjoxMjAwMDAwMDAwMDAwLCJkZWxldGUiOjEyMDAwMDAwMDAwMDAsInVwZGF0ZSI6MTIwMDAwMDAwMDAwMH19",
          "dependencies": [
            "module.foundry_server.aws_ecs_cluster.foundry_server",
            "module.foundry_server.aws_ecs_task_definition.foundry_server",
            "module.foundry_server.aws_efs_access_point.foundry_server_data",
            "module.foundry_server.aws_efs_file_system.foundry_server_data",
            "module.foundry_server.aws_iam_role.foundry_server",
            "module.foundry_server.aws_internet_gateway.foundry",
            "module.foundry_server.aws_kms_key.foundry_server_credentials",
            "module.foundry_server.aws_lb.foundry_server",
            "module.foundry_server.aws_lb_target_group.lb_foundry_server_https",
            "module.foundry_server.aws_security_group.foundry_load_balancer",
            "module.foundry_server.aws_security_group.foundry_server",
            "module.foundry_server.aws_ssm_parameter.foundry_admin_key",
            "module.foundry_server.aws_ssm_parameter.foundry_password",
            "module.foundry_server.aws_ssm_parameter.foundry_username",
            "module.foundry_server.aws_subnet.foundry_privates",
            "module.foundry_server.aws_subnet.foundry_publics",
            "module.foundry_server.aws_vpc.foundry",
            "module.foundry_server.data.aws_iam_policy_document.foundry_server_assume_role",
            "module.foundry_server.data.aws_iam_policy_document.foundry_server_kms_key",
            "module.foundry_server.data.aws_region.current"
          ],
          "create_before_destroy": true
        }
      ]
    },
    {
      "module": "module.foundry_server",
      "mode": "managed",
      "type": "aws_ecs_task_definition",
      "name": "foundry_server",
      "provider": "provider[\"registry.terraform.io/hashicorp/aws\"]",
      "instances": [
        {
          "schema_version": 1,
          "attributes": {
            "arn": "arn:aws:ecs:us-east-2:373055206579:task-definition/foundry-server-default:57",
            "container_definitions": "[{\"cpu\":0,\"environment\":[],\"essential\":true,\"image\":\"jobrown/foundryvtt:10.288.0\",\"linuxParameters\":{\"initProcessEnabled\":true},\"logConfiguration\":{\"logDriver\":\"awslogs\",\"options\":{\"awslogs-create-group\":\"true\",\"awslogs-group\":\"foundry-server-default\",\"awslogs-region\":\"us-east-2\",\"awslogs-stream-prefix\":\"ecs-container\"}},\"mountPoints\":[{\"containerPath\":\"/data/Data\",\"readOnly\":false,\"sourceVolume\":\"foundry-data\"}],\"name\":\"foundry-server-default\",\"portMappings\":[{\"containerPort\":30000,\"hostPort\":30000,\"protocol\":\"tcp\"}],\"secrets\":[{\"name\":\"FOUNDRY_USERNAME\",\"valueFrom\":\"arn:aws:ssm:us-east-2:373055206579:parameter/foundryvtt-terraform/default/username\"},{\"name\":\"FOUNDRY_PASSWORD\",\"valueFrom\":\"arn:aws:ssm:us-east-2:373055206579:parameter/foundryvtt-terraform/default/password\"},{\"name\":\"FOUNDRY_ADMIN_KEY\",\"valueFrom\":\"arn:aws:ssm:us-east-2:373055206579:parameter/foundryvtt-terraform/default/admin_key\"}],\"volumesFrom\":[]}]",
            "cpu": "1024",
            "ephemeral_storage": [],
            "execution_role_arn": "arn:aws:iam::373055206579:role/foundry-server-default20221110160731545300000001",
            "family": "foundry-server-default",
            "id": "foundry-server-default",
            "inference_accelerator": [],
            "ipc_mode": "",
            "memory": "2048",
            "network_mode": "awsvpc",
            "pid_mode": "",
            "placement_constraints": [],
            "proxy_configuration": [],
            "requires_compatibilities": [
              "FARGATE"
            ],
            "revision": 57,
            "runtime_platform": [],
            "skip_destroy": false,
            "tags": {},
            "tags_all": {},
            "task_role_arn": "arn:aws:iam::373055206579:role/foundry-server-default20221110160731545300000001",
            "volume": [
              {
                "docker_volume_configuration": [],
                "efs_volume_configuration": [
                  {
                    "authorization_config": [
                      {
                        "access_point_id": "fsap-09857b5298e858c1b",
                        "iam": "ENABLED"
                      }
                    ],
                    "file_system_id": "fs-040126d63366d6819",
                    "root_directory": "/",
                    "transit_encryption": "ENABLED",
                    "transit_encryption_port": 0
                  }
                ],
                "fsx_windows_file_server_volume_configuration": [],
                "host_path": "",
                "name": "foundry-data"
              }
            ]
          },
          "sensitive_attributes": [],
          "private": "eyJzY2hlbWFfdmVyc2lvbiI6IjEifQ==",
          "dependencies": [
            "module.foundry_server.aws_efs_access_point.foundry_server_data",
            "module.foundry_server.aws_efs_file_system.foundry_server_data",
            "module.foundry_server.aws_iam_role.foundry_server",
            "module.foundry_server.aws_kms_key.foundry_server_credentials",
            "module.foundry_server.aws_ssm_parameter.foundry_admin_key",
            "module.foundry_server.aws_ssm_parameter.foundry_password",
            "module.foundry_server.aws_ssm_parameter.foundry_username",
            "module.foundry_server.data.aws_iam_policy_document.foundry_server_assume_role",
            "module.foundry_server.data.aws_iam_policy_document.foundry_server_kms_key",
            "module.foundry_server.data.aws_region.current"
          ],
          "create_before_destroy": true
        }
      ]
    },
    {
      "module": "module.foundry_server",
      "mode": "managed",
      "type": "aws_efs_access_point",
      "name": "foundry_server_data",
      "provider": "provider[\"registry.terraform.io/hashicorp/aws\"]",
      "instances": [
        {
          "schema_version": 0,
          "attributes": {
            "arn": "arn:aws:elasticfilesystem:us-east-2:373055206579:access-point/fsap-09857b5298e858c1b",
            "file_system_arn": "arn:aws:elasticfilesystem:us-east-2:373055206579:file-system/fs-040126d63366d6819",
            "file_system_id": "fs-040126d63366d6819",
            "id": "fsap-09857b5298e858c1b",
            "owner_id": "373055206579",
            "posix_user": [
              {
                "gid": 421,
                "secondary_gids": [],
                "uid": 421
              }
            ],
            "root_directory": [
              {
                "creation_info": [
                  {
                    "owner_gid": 421,
                    "owner_uid": 421,
                    "permissions": "777"
                  }
                ],
                "path": "/data"
              }
            ],
            "tags": {},
            "tags_all": {}
          },
          "sensitive_attributes": [],
          "private": "bnVsbA==",
          "dependencies": [
            "module.foundry_server.aws_efs_file_system.foundry_server_data"
          ],
          "create_before_destroy": true
        }
      ]
    },
    {
      "module": "module.foundry_server",
      "mode": "managed",
      "type": "aws_efs_file_system",
      "name": "foundry_server_data",
      "provider": "provider[\"registry.terraform.io/hashicorp/aws\"]",
      "instances": [
        {
          "schema_version": 0,
          "attributes": {
            "arn": "arn:aws:elasticfilesystem:us-east-2:373055206579:file-system/fs-040126d63366d6819",
            "availability_zone_id": "",
            "availability_zone_name": "",
            "creation_token": "foundry-server-data-default",
            "dns_name": "fs-040126d63366d6819.efs.us-east-2.amazonaws.com",
            "encrypted": true,
            "id": "fs-040126d63366d6819",
            "kms_key_id": "arn:aws:kms:us-east-2:373055206579:key/ff4927aa-b7cc-4063-a4d3-fe443bcc8cee",
            "lifecycle_policy": [
              {
                "transition_to_ia": "AFTER_30_DAYS",
                "transition_to_primary_storage_class": ""
              }
            ],
            "number_of_mount_targets": 2,
            "owner_id": "373055206579",
            "performance_mode": "generalPurpose",
            "provisioned_throughput_in_mibps": 0,
            "size_in_bytes": [
              {
                "value": 6144,
                "value_in_ia": 0,
                "value_in_standard": 6144
              }
            ],
            "tags": {},
            "tags_all": {},
            "throughput_mode": "bursting"
          },
          "sensitive_attributes": [],
          "private": "bnVsbA==",
          "create_before_destroy": true
        }
      ]
    },
    {
      "module": "module.foundry_server",
      "mode": "managed",
      "type": "aws_efs_file_system_policy",
      "name": "foundry_server_data",
      "provider": "provider[\"registry.terraform.io/hashicorp/aws\"]",
      "instances": [
        {
          "schema_version": 0,
          "attributes": {
            "bypass_policy_lockout_safety_check": false,
            "file_system_id": "fs-040126d63366d6819",
            "id": "fs-040126d63366d6819",
            "policy": "{\"Statement\":[{\"Action\":[\"elasticfilesystem:ClientRootAccess\",\"elasticfilesystem:ClientMount\"],\"Condition\":{\"Bool\":{\"aws:SecureTransport\":\"true\"}},\"Effect\":\"Allow\",\"Principal\":{\"AWS\":\"arn:aws:iam::373055206579:role/foundry-server-default20221110160731545300000001\"},\"Resource\":\"arn:aws:elasticfilesystem:us-east-2:373055206579:file-system/fs-040126d63366d6819\",\"Sid\":\"FoundryServerMountAccess\"},{\"Action\":[\"elasticfilesystem:ClientWrite\",\"elasticfilesystem:ClientRootAccess\"],\"Condition\":{\"Bool\":{\"aws:SecureTransport\":\"true\"},\"StringEquals\":{\"elasticfilesystem:AccessPointArn\":\"arn:aws:elasticfilesystem:us-east-2:373055206579:access-point/fsap-09857b5298e858c1b\"}},\"Effect\":\"Allow\",\"Principal\":{\"AWS\":\"arn:aws:iam::373055206579:role/foundry-server-default20221110160731545300000001\"},\"Resource\":\"arn:aws:elasticfilesystem:us-east-2:373055206579:file-system/fs-040126d63366d6819\",\"Sid\":\"FoundryServerWriteAccess\"}],\"Version\":\"2012-10-17\"}"
          },
          "sensitive_attributes": [],
          "private": "bnVsbA==",
          "dependencies": [
            "module.foundry_server.aws_ecs_task_definition.foundry_server",
            "module.foundry_server.aws_efs_access_point.foundry_server_data",
            "module.foundry_server.aws_efs_file_system.foundry_server_data",
            "module.foundry_server.aws_iam_role.foundry_server",
            "module.foundry_server.aws_kms_key.foundry_server_credentials",
            "module.foundry_server.aws_ssm_parameter.foundry_admin_key",
            "module.foundry_server.aws_ssm_parameter.foundry_password",
            "module.foundry_server.aws_ssm_parameter.foundry_username",
            "module.foundry_server.data.aws_iam_policy_document.foundry_data_efs",
            "module.foundry_server.data.aws_iam_policy_document.foundry_server_assume_role",
            "module.foundry_server.data.aws_iam_policy_document.foundry_server_kms_key",
            "module.foundry_server.data.aws_region.current"
          ]
        }
      ]
    },
    {
      "module": "module.foundry_server",
      "mode": "managed",
      "type": "aws_efs_mount_target",
      "name": "private_subnets",
      "provider": "provider[\"registry.terraform.io/hashicorp/aws\"]",
      "instances": [
        {
          "index_key": 0,
          "schema_version": 0,
          "attributes": {
            "availability_zone_id": "use2-az1",
            "availability_zone_name": "us-east-2a",
            "dns_name": "fs-040126d63366d6819.efs.us-east-2.amazonaws.com",
            "file_system_arn": "arn:aws:elasticfilesystem:us-east-2:373055206579:file-system/fs-040126d63366d6819",
            "file_system_id": "fs-040126d63366d6819",
            "id": "fsmt-0067b984dd5708677",
            "ip_address": "20.0.2.208",
            "mount_target_dns_name": "us-east-2a.fs-040126d63366d6819.efs.us-east-2.amazonaws.com",
            "network_interface_id": "eni-0a77dc56ad16869cf",
            "owner_id": "373055206579",
            "security_groups": [
              "sg-0d6321e5e1585ef4c"
            ],
            "subnet_id": "subnet-05b8e29dc3156c2ea"
          },
          "sensitive_attributes": [],
          "private": "bnVsbA==",
          "dependencies": [
            "module.foundry_server.aws_efs_file_system.foundry_server_data",
            "module.foundry_server.aws_security_group.foundry_data_mount",
            "module.foundry_server.aws_subnet.foundry_privates",
            "module.foundry_server.aws_vpc.foundry",
            "module.foundry_server.data.aws_region.current"
          ]
        },
        {
          "index_key": 1,
          "schema_version": 0,
          "attributes": {
            "availability_zone_id": "use2-az2",
            "availability_zone_name": "us-east-2b",
            "dns_name": "fs-040126d63366d6819.efs.us-east-2.amazonaws.com",
            "file_system_arn": "arn:aws:elasticfilesystem:us-east-2:373055206579:file-system/fs-040126d63366d6819",
            "file_system_id": "fs-040126d63366d6819",
            "id": "fsmt-05d0b6fc53c85d5bc",
            "ip_address": "20.0.3.195",
            "mount_target_dns_name": "us-east-2b.fs-040126d63366d6819.efs.us-east-2.amazonaws.com",
            "network_interface_id": "eni-05eb07133e208e115",
            "owner_id": "373055206579",
            "security_groups": [
              "sg-0d6321e5e1585ef4c"
            ],
            "subnet_id": "subnet-0fb749845945c2b85"
          },
          "sensitive_attributes": [],
          "private": "bnVsbA==",
          "dependencies": [
            "module.foundry_server.aws_efs_file_system.foundry_server_data",
            "module.foundry_server.aws_security_group.foundry_data_mount",
            "module.foundry_server.aws_subnet.foundry_privates",
            "module.foundry_server.aws_vpc.foundry",
            "module.foundry_server.data.aws_region.current"
          ]
        }
      ]
    },
    {
      "module": "module.foundry_server",
      "mode": "managed",
      "type": "aws_eip",
      "name": "nat",
      "provider": "provider[\"registry.terraform.io/hashicorp/aws\"]",
      "instances": [
        {
          "schema_version": 0,
          "attributes": {
            "address": null,
            "allocation_id": "eipalloc-02dab87f87740979b",
            "associate_with_private_ip": null,
            "association_id": "eipassoc-039a394baccb4cdf4",
            "carrier_ip": "",
            "customer_owned_ip": "",
            "customer_owned_ipv4_pool": "",
            "domain": "vpc",
            "id": "eipalloc-02dab87f87740979b",
            "instance": "",
            "network_border_group": "us-east-2",
            "network_interface": "eni-0d21bdba05295f5ff",
            "private_dns": "ip-20-0-0-13.us-east-2.compute.internal",
            "private_ip": "20.0.0.13",
            "public_dns": "ec2-3-18-243-224.us-east-2.compute.amazonaws.com",
            "public_ip": "3.18.243.224",
            "public_ipv4_pool": "amazon",
            "tags": {
              "Name": "foundry-nat-default"
            },
            "tags_all": {
              "Name": "foundry-nat-default"
            },
            "timeouts": null,
            "vpc": true
          },
          "sensitive_attributes": [],
          "private": "eyJlMmJmYjczMC1lY2FhLTExZTYtOGY4OC0zNDM2M2JjN2M0YzAiOnsiZGVsZXRlIjoxODAwMDAwMDAwMDAsInJlYWQiOjkwMDAwMDAwMDAwMCwidXBkYXRlIjozMDAwMDAwMDAwMDB9fQ=="
        }
      ]
    },
    {
      "module": "module.foundry_server",
      "mode": "managed",
      "type": "aws_iam_policy",
      "name": "foundry_server",
      "provider": "provider[\"registry.terraform.io/hashicorp/aws\"]",
      "instances": [
        {
          "schema_version": 0,
          "attributes": {
            "arn": "arn:aws:iam::373055206579:policy/foundry-server-default20221110160749719000000006",
            "description": "The core policy allowing basic access for a functioning foundry server.",
            "id": "arn:aws:iam::373055206579:policy/foundry-server-default20221110160749719000000006",
            "name": "foundry-server-default20221110160749719000000006",
            "name_prefix": "foundry-server-default",
            "path": "/",
            "policy": "{\"Statement\":[{\"Action\":[\"logs:PutLogEvents\",\"logs:DescribeLogStreams\",\"logs:CreateLog*\"],\"Effect\":\"Allow\",\"Resource\":\"arn:aws:logs:*:*:*\",\"Sid\":\"CloudwatchLogAccess\"},{\"Action\":[\"ssmmessages:OpenDataChannel\",\"ssmmessages:OpenControlChannel\",\"ssmmessages:CreateDataChannel\",\"ssmmessages:CreateControlChannel\"],\"Effect\":\"Allow\",\"Resource\":\"*\",\"Sid\":\"AllowFoundryCredentialsEcsExec\"},{\"Action\":[\"kms:ReEncrypt\",\"kms:Encrypt\",\"kms:Decrypt\"],\"Effect\":\"Allow\",\"Resource\":\"arn:aws:kms:us-east-2:373055206579:key/9756b1fd-f377-4140-898e-683c9fec4fb4\",\"Sid\":\"AllowFoundryCredentialsKMSAccess\"},{\"Action\":\"ssm:GetParameter*\",\"Effect\":\"Allow\",\"Resource\":[\"arn:aws:ssm:us-east-2:373055206579:parameter/foundryvtt-terraform/default/username\",\"arn:aws:ssm:us-east-2:373055206579:parameter/foundryvtt-terraform/default/password\",\"arn:aws:ssm:us-east-2:373055206579:parameter/foundryvtt-terraform/default/admin_key\"],\"Sid\":\"AllowFoundryCredentialsAccess\"},{\"Action\":\"s3:ListAllMyBuckets\",\"Effect\":\"Allow\",\"Resource\":\"*\",\"Sid\":\"S3ListAllBucketsAccess\"},{\"Action\":[\"s3:List*\",\"s3:GetBucket*\"],\"Effect\":\"Allow\",\"Resource\":\"arn:aws:s3:::foundry-server-artifacts-default\",\"Sid\":\"S3BucketAccess\"},{\"Action\":\"s3:GetObject*\",\"Effect\":\"Allow\",\"Resource\":\"arn:aws:s3:::foundry-server-artifacts-default/*\",\"Sid\":\"S3BucketObjectGetAccess\"},{\"Action\":\"s3:PutObject*\",\"Effect\":\"Allow\",\"Resource\":\"arn:aws:s3:::foundry-server-artifacts-default/data/default/*\",\"Sid\":\"S3BucketObjectPutAccess\"},{\"Action\":[\"elasticfilesystem:ClientWrite\",\"elasticfilesystem:ClientRootAccess\",\"elasticfilesystem:ClientMount\"],\"Condition\":{\"Bool\":{\"aws:SecureTransport\":\"true\"},\"StringEquals\":{\"elasticfilesystem:AccessPointArn\":\"arn:aws:elasticfilesystem:us-east-2:373055206579:access-point/fsap-09857b5298e858c1b\"}},\"Effect\":\"Allow\",\"Resource\":\"arn:aws:elasticfilesystem:us-east-2:373055206579:file-system/fs-040126d63366d6819\",\"Sid\":\"EFSFoundryDataWriteAccess\"}],\"Version\":\"2012-10-17\"}",
            "policy_id": "ANPAVNW6SWSZVO4P7NGCW",
            "tags": {},
            "tags_all": {}
          },
          "sensitive_attributes": [],
          "private": "bnVsbA==",
          "dependencies": [
            "module.foundry_server.aws_efs_access_point.foundry_server_data",
            "module.foundry_server.aws_efs_file_system.foundry_server_data",
            "module.foundry_server.aws_iam_role.foundry_server",
            "module.foundry_server.aws_kms_key.foundry_server_credentials",
            "module.foundry_server.aws_s3_bucket.foundry_artifacts",
            "module.foundry_server.aws_ssm_parameter.foundry_admin_key",
            "module.foundry_server.aws_ssm_parameter.foundry_password",
            "module.foundry_server.aws_ssm_parameter.foundry_username",
            "module.foundry_server.data.aws_iam_policy_document.foundry_server",
            "module.foundry_server.data.aws_iam_policy_document.foundry_server_assume_role",
            "module.foundry_server.data.aws_iam_policy_document.foundry_server_kms_key"
          ]
        }
      ]
    },
    {
      "module": "module.foundry_server",
      "mode": "managed",
      "type": "aws_iam_role",
      "name": "foundry_server",
      "provider": "provider[\"registry.terraform.io/hashicorp/aws\"]",
      "instances": [
        {
          "schema_version": 0,
          "attributes": {
            "arn": "arn:aws:iam::373055206579:role/foundry-server-default20221110160731545300000001",
            "assume_role_policy": "{\"Statement\":[{\"Action\":\"sts:AssumeRole\",\"Effect\":\"Allow\",\"Principal\":{\"Service\":\"ecs-tasks.amazonaws.com\"},\"Sid\":\"ECSTaskAccess\"}],\"Version\":\"2012-10-17\"}",
            "create_date": "2022-11-10T16:07:32Z",
            "description": "Starts with the requirements for the foundry server to function.",
            "force_detach_policies": true,
            "id": "foundry-server-default20221110160731545300000001",
            "inline_policy": [],
            "managed_policy_arns": [
              "arn:aws:iam::373055206579:policy/foundry-server-default20221110160749719000000006"
            ],
            "max_session_duration": 3600,
            "name": "foundry-server-default20221110160731545300000001",
            "name_prefix": "foundry-server-default",
            "path": "/",
            "permissions_boundary": null,
            "tags": {},
            "tags_all": {},
            "unique_id": "AROAVNW6SWSZ7CSUTSZ4K"
          },
          "sensitive_attributes": [],
          "private": "bnVsbA==",
          "dependencies": [
            "module.foundry_server.data.aws_iam_policy_document.foundry_server_assume_role"
          ],
          "create_before_destroy": true
        }
      ]
    },
    {
      "module": "module.foundry_server",
      "mode": "managed",
      "type": "aws_iam_role_policy_attachment",
      "name": "foundry_server",
      "provider": "provider[\"registry.terraform.io/hashicorp/aws\"]",
      "instances": [
        {
          "schema_version": 0,
          "attributes": {
            "id": "foundry-server-default20221110160731545300000001-20221110160750162400000007",
            "policy_arn": "arn:aws:iam::373055206579:policy/foundry-server-default20221110160749719000000006",
            "role": "foundry-server-default20221110160731545300000001"
          },
          "sensitive_attributes": [],
          "private": "bnVsbA==",
          "dependencies": [
            "module.foundry_server.aws_efs_access_point.foundry_server_data",
            "module.foundry_server.aws_efs_file_system.foundry_server_data",
            "module.foundry_server.aws_iam_policy.foundry_server",
            "module.foundry_server.aws_iam_role.foundry_server",
            "module.foundry_server.aws_kms_key.foundry_server_credentials",
            "module.foundry_server.aws_s3_bucket.foundry_artifacts",
            "module.foundry_server.aws_ssm_parameter.foundry_admin_key",
            "module.foundry_server.aws_ssm_parameter.foundry_password",
            "module.foundry_server.aws_ssm_parameter.foundry_username",
            "module.foundry_server.data.aws_iam_policy_document.foundry_server",
            "module.foundry_server.data.aws_iam_policy_document.foundry_server_assume_role",
            "module.foundry_server.data.aws_iam_policy_document.foundry_server_kms_key"
          ]
        }
      ]
    },
    {
      "module": "module.foundry_server",
      "mode": "managed",
      "type": "aws_internet_gateway",
      "name": "foundry",
      "provider": "provider[\"registry.terraform.io/hashicorp/aws\"]",
      "instances": [
        {
          "schema_version": 0,
          "attributes": {
            "arn": "arn:aws:ec2:us-east-2:373055206579:internet-gateway/igw-00ab7d8b81c34226c",
            "id": "igw-00ab7d8b81c34226c",
            "owner_id": "373055206579",
            "tags": {
              "Name": "foundry-gateway-default"
            },
            "tags_all": {
              "Name": "foundry-gateway-default"
            },
            "timeouts": null,
            "vpc_id": "vpc-02bbe7e2d5bc3e2c3"
          },
          "sensitive_attributes": [],
          "private": "eyJlMmJmYjczMC1lY2FhLTExZTYtOGY4OC0zNDM2M2JjN2M0YzAiOnsiY3JlYXRlIjoxMjAwMDAwMDAwMDAwLCJkZWxldGUiOjEyMDAwMDAwMDAwMDAsInVwZGF0ZSI6MTIwMDAwMDAwMDAwMH19",
          "dependencies": [
            "module.foundry_server.aws_vpc.foundry"
          ],
          "create_before_destroy": true
        }
      ]
    },
    {
      "module": "module.foundry_server",
      "mode": "managed",
      "type": "aws_kms_key",
      "name": "foundry_server_credentials",
      "provider": "provider[\"registry.terraform.io/hashicorp/aws\"]",
      "instances": [
        {
          "schema_version": 0,
          "attributes": {
            "arn": "arn:aws:kms:us-east-2:373055206579:key/9756b1fd-f377-4140-898e-683c9fec4fb4",
            "bypass_policy_lockout_safety_check": false,
            "custom_key_store_id": "",
            "customer_master_key_spec": "SYMMETRIC_DEFAULT",
            "deletion_window_in_days": 7,
            "description": "Used exclusively by the foundry server to read credentials for foundry tool configuration.",
            "enable_key_rotation": true,
            "id": "9756b1fd-f377-4140-898e-683c9fec4fb4",
            "is_enabled": true,
            "key_id": "9756b1fd-f377-4140-898e-683c9fec4fb4",
            "key_usage": "ENCRYPT_DECRYPT",
            "multi_region": false,
            "policy": "{\n  \"Version\": \"2012-10-17\",\n  \"Statement\": [\n    {\n      \"Sid\": \"RestrictFoundryCredentialsAdminAccess\",\n      \"Effect\": \"Allow\",\n      \"Action\": [\n        \"kms:Update*\",\n        \"kms:ScheduleKeyDeletion\",\n        \"kms:Revoke*\",\n        \"kms:Put*\",\n        \"kms:List*\",\n        \"kms:Get*\",\n        \"kms:Enable*\",\n        \"kms:Disable*\",\n        \"kms:Describe*\",\n        \"kms:Delete*\",\n        \"kms:Create*\",\n        \"kms:CancelKeyDeletion\"\n      ],\n      \"Resource\": \"*\",\n      \"Principal\": {\n        \"AWS\": [\n          \"arn:aws:iam::373055206579:root\",\n          \"arn:aws:iam::373055206579:role/foundryvtt-kms-role\"\n        ]\n      }\n    },\n    {\n      \"Sid\": \"RestrictFoundryCredentialsAccess\",\n      \"Effect\": \"Allow\",\n      \"Action\": \"kms:*\",\n      \"Resource\": \"*\",\n      \"Principal\": {\n        \"AWS\": [\n          \"arn:aws:iam::373055206579:root\",\n          \"arn:aws:iam::373055206579:role/foundryvtt-kms-role\",\n          \"arn:aws:iam::373055206579:role/foundry-server-default20221110160731545300000001\"\n        ]\n      }\n    }\n  ]\n}",
            "tags": {},
            "tags_all": {}
          },
          "sensitive_attributes": [],
          "private": "bnVsbA==",
          "dependencies": [
            "module.foundry_server.aws_iam_role.foundry_server",
            "module.foundry_server.data.aws_iam_policy_document.foundry_server_assume_role",
            "module.foundry_server.data.aws_iam_policy_document.foundry_server_kms_key"
          ],
          "create_before_destroy": true
        }
      ]
    },
    {
      "module": "module.foundry_server",
      "mode": "managed",
      "type": "aws_lb",
      "name": "foundry_server",
      "provider": "provider[\"registry.terraform.io/hashicorp/aws\"]",
      "instances": [
        {
          "schema_version": 0,
          "attributes": {
            "access_logs": [
              {
                "bucket": "",
                "enabled": false,
                "prefix": ""
              }
            ],
            "arn": "arn:aws:elasticloadbalancing:us-east-2:373055206579:loadbalancer/app/foundry-server-default/176a21d9828e39c4",
            "arn_suffix": "app/foundry-server-default/176a21d9828e39c4",
            "customer_owned_ipv4_pool": "",
            "desync_mitigation_mode": "defensive",
            "dns_name": "foundry-server-default-1018793718.us-east-2.elb.amazonaws.com",
            "drop_invalid_header_fields": false,
            "enable_cross_zone_load_balancing": null,
            "enable_deletion_protection": false,
            "enable_http2": true,
            "enable_waf_fail_open": false,
            "id": "arn:aws:elasticloadbalancing:us-east-2:373055206579:loadbalancer/app/foundry-server-default/176a21d9828e39c4",
            "idle_timeout": 60,
            "internal": false,
            "ip_address_type": "ipv4",
            "load_balancer_type": "application",
            "name": "foundry-server-default",
            "name_prefix": null,
            "preserve_host_header": false,
            "security_groups": [
              "sg-0dbfc96e6f194fd94"
            ],
            "subnet_mapping": [
              {
                "allocation_id": "",
                "ipv6_address": "",
                "outpost_id": "",
                "private_ipv4_address": "",
                "subnet_id": "subnet-02540fd11627cb9b0"
              },
              {
                "allocation_id": "",
                "ipv6_address": "",
                "outpost_id": "",
                "private_ipv4_address": "",
                "subnet_id": "subnet-0860e20070ef3e20b"
              }
            ],
            "subnets": [
              "subnet-02540fd11627cb9b0",
              "subnet-0860e20070ef3e20b"
            ],
            "tags": {},
            "tags_all": {},
            "timeouts": null,
            "vpc_id": "vpc-02bbe7e2d5bc3e2c3",
            "zone_id": "Z3AADJGX6KTTL2"
          },
          "sensitive_attributes": [],
          "private": "eyJlMmJmYjczMC1lY2FhLTExZTYtOGY4OC0zNDM2M2JjN2M0YzAiOnsiY3JlYXRlIjo2MDAwMDAwMDAwMDAsImRlbGV0ZSI6NjAwMDAwMDAwMDAwLCJ1cGRhdGUiOjYwMDAwMDAwMDAwMH19",
          "dependencies": [
            "module.foundry_server.aws_internet_gateway.foundry",
            "module.foundry_server.aws_security_group.foundry_load_balancer",
            "module.foundry_server.aws_subnet.foundry_publics",
            "module.foundry_server.aws_vpc.foundry",
            "module.foundry_server.data.aws_region.current"
          ],
          "create_before_destroy": true
        }
      ]
    },
    {
      "module": "module.foundry_server",
      "mode": "managed",
      "type": "aws_lb_listener",
      "name": "foundry_server_http",
      "provider": "provider[\"registry.terraform.io/hashicorp/aws\"]",
      "instances": [
        {
          "schema_version": 0,
          "attributes": {
            "alpn_policy": null,
            "arn": "arn:aws:elasticloadbalancing:us-east-2:373055206579:listener/app/foundry-server-default/176a21d9828e39c4/1b9d044b4d610ca2",
            "certificate_arn": null,
            "default_action": [
              {
                "authenticate_cognito": [],
                "authenticate_oidc": [],
                "fixed_response": [],
                "forward": [],
                "order": 1,
                "redirect": [],
                "target_group_arn": "arn:aws:elasticloadbalancing:us-east-2:373055206579:targetgroup/foundry-server-default-http-tg/7fb54f5bc2a2e9fe",
                "type": "forward"
              }
            ],
            "id": "arn:aws:elasticloadbalancing:us-east-2:373055206579:listener/app/foundry-server-default/176a21d9828e39c4/1b9d044b4d610ca2",
            "load_balancer_arn": "arn:aws:elasticloadbalancing:us-east-2:373055206579:loadbalancer/app/foundry-server-default/176a21d9828e39c4",
            "port": 80,
            "protocol": "HTTP",
            "ssl_policy": "",
            "tags": {},
            "tags_all": {},
            "timeouts": null
          },
          "sensitive_attributes": [],
          "private": "eyJlMmJmYjczMC1lY2FhLTExZTYtOGY4OC0zNDM2M2JjN2M0YzAiOnsicmVhZCI6NjAwMDAwMDAwMDAwfX0=",
          "dependencies": [
            "module.foundry_server.aws_internet_gateway.foundry",
            "module.foundry_server.aws_lb.foundry_server",
            "module.foundry_server.aws_lb_target_group.lb_foundry_server_http",
            "module.foundry_server.aws_security_group.foundry_load_balancer",
            "module.foundry_server.aws_security_group_rule.lb_allow_inbound_80",
            "module.foundry_server.aws_subnet.foundry_publics",
            "module.foundry_server.aws_vpc.foundry",
            "module.foundry_server.data.aws_region.current"
          ]
        }
      ]
    },
    {
      "module": "module.foundry_server",
      "mode": "managed",
      "type": "aws_lb_listener",
      "name": "foundry_server_https",
      "provider": "provider[\"registry.terraform.io/hashicorp/aws\"]",
      "instances": [
        {
          "schema_version": 0,
          "attributes": {
            "alpn_policy": null,
            "arn": "arn:aws:elasticloadbalancing:us-east-2:373055206579:listener/app/foundry-server-default/176a21d9828e39c4/3f3419f45062bcfb",
            "certificate_arn": "arn:aws:acm:us-east-2:373055206579:certificate/6c8e2d05-9176-4a21-89c8-167c94151c7f",
            "default_action": [
              {
                "authenticate_cognito": [],
                "authenticate_oidc": [],
                "fixed_response": [],
                "forward": [],
                "order": 1,
                "redirect": [],
                "target_group_arn": "arn:aws:elasticloadbalancing:us-east-2:373055206579:targetgroup/foundry-server-default-https-tg/4c9420dd1cf74653",
                "type": "forward"
              }
            ],
            "id": "arn:aws:elasticloadbalancing:us-east-2:373055206579:listener/app/foundry-server-default/176a21d9828e39c4/3f3419f45062bcfb",
            "load_balancer_arn": "arn:aws:elasticloadbalancing:us-east-2:373055206579:loadbalancer/app/foundry-server-default/176a21d9828e39c4",
            "port": 443,
            "protocol": "HTTPS",
            "ssl_policy": "ELBSecurityPolicy-2016-08",
            "tags": {},
            "tags_all": {},
            "timeouts": null
          },
          "sensitive_attributes": [],
          "private": "eyJlMmJmYjczMC1lY2FhLTExZTYtOGY4OC0zNDM2M2JjN2M0YzAiOnsicmVhZCI6NjAwMDAwMDAwMDAwfX0=",
          "dependencies": [
            "module.foundry_server.aws_internet_gateway.foundry",
            "module.foundry_server.aws_lb.foundry_server",
            "module.foundry_server.aws_lb_target_group.lb_foundry_server_https",
            "module.foundry_server.aws_security_group.foundry_load_balancer",
            "module.foundry_server.aws_security_group_rule.lb_allow_inbound_443",
            "module.foundry_server.aws_subnet.foundry_publics",
            "module.foundry_server.aws_vpc.foundry",
            "module.foundry_server.data.aws_region.current"
          ]
        }
      ]
    },
    {
      "module": "module.foundry_server",
      "mode": "managed",
      "type": "aws_lb_target_group",
      "name": "lb_foundry_server_http",
      "provider": "provider[\"registry.terraform.io/hashicorp/aws\"]",
      "instances": [
        {
          "schema_version": 0,
          "attributes": {
            "arn": "arn:aws:elasticloadbalancing:us-east-2:373055206579:targetgroup/foundry-server-default-http-tg/7fb54f5bc2a2e9fe",
            "arn_suffix": "targetgroup/foundry-server-default-http-tg/7fb54f5bc2a2e9fe",
            "connection_termination": false,
            "deregistration_delay": "300",
            "health_check": [
              {
                "enabled": true,
                "healthy_threshold": 2,
                "interval": 30,
                "matcher": "200-299,302",
                "path": "/",
                "port": "traffic-port",
                "protocol": "HTTP",
                "timeout": 5,
                "unhealthy_threshold": 3
              }
            ],
            "id": "arn:aws:elasticloadbalancing:us-east-2:373055206579:targetgroup/foundry-server-default-http-tg/7fb54f5bc2a2e9fe",
            "ip_address_type": "ipv4",
            "lambda_multi_value_headers_enabled": false,
            "load_balancing_algorithm_type": "round_robin",
            "name": "foundry-server-default-http-tg",
            "name_prefix": null,
            "port": 30000,
            "preserve_client_ip": null,
            "protocol": "HTTP",
            "protocol_version": "HTTP1",
            "proxy_protocol_v2": false,
            "slow_start": 0,
            "stickiness": [
              {
                "cookie_duration": 86400,
                "cookie_name": "",
                "enabled": false,
                "type": "lb_cookie"
              }
            ],
            "tags": {},
            "tags_all": {},
            "target_failover": [
              {
                "on_deregistration": null,
                "on_unhealthy": null
              }
            ],
            "target_type": "ip",
            "vpc_id": "vpc-02bbe7e2d5bc3e2c3"
          },
          "sensitive_attributes": [],
          "private": "bnVsbA==",
          "dependencies": [
            "module.foundry_server.aws_internet_gateway.foundry",
            "module.foundry_server.aws_lb.foundry_server",
            "module.foundry_server.aws_security_group.foundry_load_balancer",
            "module.foundry_server.aws_subnet.foundry_publics",
            "module.foundry_server.aws_vpc.foundry",
            "module.foundry_server.data.aws_region.current"
          ]
        }
      ]
    },
    {
      "module": "module.foundry_server",
      "mode": "managed",
      "type": "aws_lb_target_group",
      "name": "lb_foundry_server_https",
      "provider": "provider[\"registry.terraform.io/hashicorp/aws\"]",
      "instances": [
        {
          "schema_version": 0,
          "attributes": {
            "arn": "arn:aws:elasticloadbalancing:us-east-2:373055206579:targetgroup/foundry-server-default-https-tg/4c9420dd1cf74653",
            "arn_suffix": "targetgroup/foundry-server-default-https-tg/4c9420dd1cf74653",
            "connection_termination": false,
            "deregistration_delay": "300",
            "health_check": [
              {
                "enabled": true,
                "healthy_threshold": 2,
                "interval": 30,
                "matcher": "200-299,302",
                "path": "/",
                "port": "traffic-port",
                "protocol": "HTTP",
                "timeout": 5,
                "unhealthy_threshold": 3
              }
            ],
            "id": "arn:aws:elasticloadbalancing:us-east-2:373055206579:targetgroup/foundry-server-default-https-tg/4c9420dd1cf74653",
            "ip_address_type": "ipv4",
            "lambda_multi_value_headers_enabled": false,
            "load_balancing_algorithm_type": "round_robin",
            "name": "foundry-server-default-https-tg",
            "name_prefix": null,
            "port": 30000,
            "preserve_client_ip": null,
            "protocol": "HTTP",
            "protocol_version": "HTTP1",
            "proxy_protocol_v2": false,
            "slow_start": 0,
            "stickiness": [
              {
                "cookie_duration": 86400,
                "cookie_name": "",
                "enabled": false,
                "type": "lb_cookie"
              }
            ],
            "tags": {},
            "tags_all": {},
            "target_failover": [
              {
                "on_deregistration": null,
                "on_unhealthy": null
              }
            ],
            "target_type": "ip",
            "vpc_id": "vpc-02bbe7e2d5bc3e2c3"
          },
          "sensitive_attributes": [],
          "private": "bnVsbA==",
          "dependencies": [
            "module.foundry_server.aws_internet_gateway.foundry",
            "module.foundry_server.aws_lb.foundry_server",
            "module.foundry_server.aws_security_group.foundry_load_balancer",
            "module.foundry_server.aws_subnet.foundry_publics",
            "module.foundry_server.aws_vpc.foundry",
            "module.foundry_server.data.aws_region.current"
          ],
          "create_before_destroy": true
        }
      ]
    },
    {
      "module": "module.foundry_server",
      "mode": "managed",
      "type": "aws_nat_gateway",
      "name": "foundry",
      "provider": "provider[\"registry.terraform.io/hashicorp/aws\"]",
      "instances": [
        {
          "schema_version": 0,
          "attributes": {
            "allocation_id": "eipalloc-02dab87f87740979b",
            "connectivity_type": "public",
            "id": "nat-0e9e565730a337187",
            "network_interface_id": "eni-0d21bdba05295f5ff",
            "private_ip": "20.0.0.13",
            "public_ip": "3.18.243.224",
            "subnet_id": "subnet-02540fd11627cb9b0",
            "tags": {
              "Name": "foundry-nat-default"
            },
            "tags_all": {
              "Name": "foundry-nat-default"
            }
          },
          "sensitive_attributes": [],
          "private": "bnVsbA==",
          "dependencies": [
            "module.foundry_server.aws_eip.nat",
            "module.foundry_server.aws_subnet.foundry_publics",
            "module.foundry_server.aws_vpc.foundry",
            "module.foundry_server.data.aws_region.current"
          ]
        }
      ]
    },
    {
      "module": "module.foundry_server",
      "mode": "managed",
      "type": "aws_route",
      "name": "foundry_internet_gw",
      "provider": "provider[\"registry.terraform.io/hashicorp/aws\"]",
      "instances": [
        {
          "schema_version": 0,
          "attributes": {
            "carrier_gateway_id": "",
            "core_network_arn": "",
            "destination_cidr_block": "0.0.0.0/0",
            "destination_ipv6_cidr_block": "",
            "destination_prefix_list_id": "",
            "egress_only_gateway_id": "",
            "gateway_id": "igw-00ab7d8b81c34226c",
            "id": "r-rtb-0f2ce02fd4b19d07a1080289494",
            "instance_id": "",
            "instance_owner_id": "",
            "local_gateway_id": "",
            "nat_gateway_id": "",
            "network_interface_id": "",
            "origin": "CreateRoute",
            "route_table_id": "rtb-0f2ce02fd4b19d07a",
            "state": "active",
            "timeouts": null,
            "transit_gateway_id": "",
            "vpc_endpoint_id": "",
            "vpc_peering_connection_id": ""
          },
          "sensitive_attributes": [],
          "private": "eyJlMmJmYjczMC1lY2FhLTExZTYtOGY4OC0zNDM2M2JjN2M0YzAiOnsiY3JlYXRlIjozMDAwMDAwMDAwMDAsImRlbGV0ZSI6MzAwMDAwMDAwMDAwLCJ1cGRhdGUiOjEyMDAwMDAwMDAwMH19",
          "dependencies": [
            "module.foundry_server.aws_internet_gateway.foundry",
            "module.foundry_server.aws_route_table.foundry_public",
            "module.foundry_server.aws_vpc.foundry"
          ]
        }
      ]
    },
    {
      "module": "module.foundry_server",
      "mode": "managed",
      "type": "aws_route",
      "name": "foundry_nat_gw",
      "provider": "provider[\"registry.terraform.io/hashicorp/aws\"]",
      "instances": [
        {
          "schema_version": 0,
          "attributes": {
            "carrier_gateway_id": "",
            "core_network_arn": "",
            "destination_cidr_block": "0.0.0.0/0",
            "destination_ipv6_cidr_block": "",
            "destination_prefix_list_id": "",
            "egress_only_gateway_id": "",
            "gateway_id": "",
            "id": "r-rtb-0407cc0c87b2d2af91080289494",
            "instance_id": "",
            "instance_owner_id": "",
            "local_gateway_id": "",
            "nat_gateway_id": "nat-0e9e565730a337187",
            "network_interface_id": "",
            "origin": "CreateRoute",
            "route_table_id": "rtb-0407cc0c87b2d2af9",
            "state": "active",
            "timeouts": null,
            "transit_gateway_id": "",
            "vpc_endpoint_id": "",
            "vpc_peering_connection_id": ""
          },
          "sensitive_attributes": [],
          "private": "eyJlMmJmYjczMC1lY2FhLTExZTYtOGY4OC0zNDM2M2JjN2M0YzAiOnsiY3JlYXRlIjozMDAwMDAwMDAwMDAsImRlbGV0ZSI6MzAwMDAwMDAwMDAwLCJ1cGRhdGUiOjEyMDAwMDAwMDAwMH19",
          "dependencies": [
            "module.foundry_server.aws_eip.nat",
            "module.foundry_server.aws_nat_gateway.foundry",
            "module.foundry_server.aws_route_table.foundry_private",
            "module.foundry_server.aws_subnet.foundry_publics",
            "module.foundry_server.aws_vpc.foundry",
            "module.foundry_server.data.aws_region.current"
          ]
        }
      ]
    },
    {
      "module": "module.foundry_server",
      "mode": "managed",
      "type": "aws_route53_record",
      "name": "cloud-foundry",
      "provider": "provider[\"registry.terraform.io/hashicorp/aws\"]",
      "instances": [
        {
          "schema_version": 2,
          "attributes": {
            "alias": [
              {
                "evaluate_target_health": true,
                "name": "foundry-server-default-1018793718.us-east-2.elb.amazonaws.com",
                "zone_id": "Z3AADJGX6KTTL2"
              }
            ],
            "allow_overwrite": null,
            "failover_routing_policy": [],
            "fqdn": "foundry.tulta-munille.com",
            "geolocation_routing_policy": [],
            "health_check_id": null,
            "id": "Z04505901JV6BMGXU7TJT_foundry.tulta-munille.com_A",
            "latency_routing_policy": [],
            "multivalue_answer_routing_policy": null,
            "name": "foundry.tulta-munille.com",
            "records": null,
            "set_identifier": null,
            "ttl": null,
            "type": "A",
            "weighted_routing_policy": [],
            "zone_id": "Z04505901JV6BMGXU7TJT"
          },
          "sensitive_attributes": [],
          "private": "eyJzY2hlbWFfdmVyc2lvbiI6IjIifQ==",
          "dependencies": [
            "module.foundry_server.aws_lb.foundry_server"
          ]
        }
      ]
    },
    {
      "module": "module.foundry_server",
      "mode": "managed",
      "type": "aws_route_table",
      "name": "foundry_private",
      "provider": "provider[\"registry.terraform.io/hashicorp/aws\"]",
      "instances": [
        {
          "schema_version": 0,
          "attributes": {
            "arn": "arn:aws:ec2:us-east-2:373055206579:route-table/rtb-0407cc0c87b2d2af9",
            "id": "rtb-0407cc0c87b2d2af9",
            "owner_id": "373055206579",
            "propagating_vgws": [],
            "route": [
              {
                "carrier_gateway_id": "",
                "cidr_block": "0.0.0.0/0",
                "core_network_arn": "",
                "destination_prefix_list_id": "",
                "egress_only_gateway_id": "",
                "gateway_id": "",
                "instance_id": "",
                "ipv6_cidr_block": "",
                "local_gateway_id": "",
                "nat_gateway_id": "nat-0e9e565730a337187",
                "network_interface_id": "",
                "transit_gateway_id": "",
                "vpc_endpoint_id": "",
                "vpc_peering_connection_id": ""
              }
            ],
            "tags": {
              "Name": "foundry-private-default"
            },
            "tags_all": {
              "Name": "foundry-private-default"
            },
            "timeouts": null,
            "vpc_id": "vpc-02bbe7e2d5bc3e2c3"
          },
          "sensitive_attributes": [],
          "private": "eyJlMmJmYjczMC1lY2FhLTExZTYtOGY4OC0zNDM2M2JjN2M0YzAiOnsiY3JlYXRlIjozMDAwMDAwMDAwMDAsImRlbGV0ZSI6MzAwMDAwMDAwMDAwLCJ1cGRhdGUiOjEyMDAwMDAwMDAwMH19",
          "dependencies": [
            "module.foundry_server.aws_vpc.foundry"
          ]
        }
      ]
    },
    {
      "module": "module.foundry_server",
      "mode": "managed",
      "type": "aws_route_table",
      "name": "foundry_public",
      "provider": "provider[\"registry.terraform.io/hashicorp/aws\"]",
      "instances": [
        {
          "schema_version": 0,
          "attributes": {
            "arn": "arn:aws:ec2:us-east-2:373055206579:route-table/rtb-0f2ce02fd4b19d07a",
            "id": "rtb-0f2ce02fd4b19d07a",
            "owner_id": "373055206579",
            "propagating_vgws": [],
            "route": [
              {
                "carrier_gateway_id": "",
                "cidr_block": "0.0.0.0/0",
                "core_network_arn": "",
                "destination_prefix_list_id": "",
                "egress_only_gateway_id": "",
                "gateway_id": "igw-00ab7d8b81c34226c",
                "instance_id": "",
                "ipv6_cidr_block": "",
                "local_gateway_id": "",
                "nat_gateway_id": "",
                "network_interface_id": "",
                "transit_gateway_id": "",
                "vpc_endpoint_id": "",
                "vpc_peering_connection_id": ""
              }
            ],
            "tags": {
              "Name": "foundry-public-default"
            },
            "tags_all": {
              "Name": "foundry-public-default"
            },
            "timeouts": null,
            "vpc_id": "vpc-02bbe7e2d5bc3e2c3"
          },
          "sensitive_attributes": [],
          "private": "eyJlMmJmYjczMC1lY2FhLTExZTYtOGY4OC0zNDM2M2JjN2M0YzAiOnsiY3JlYXRlIjozMDAwMDAwMDAwMDAsImRlbGV0ZSI6MzAwMDAwMDAwMDAwLCJ1cGRhdGUiOjEyMDAwMDAwMDAwMH19",
          "dependencies": [
            "module.foundry_server.aws_vpc.foundry"
          ]
        }
      ]
    },
    {
      "module": "module.foundry_server",
      "mode": "managed",
      "type": "aws_route_table_association",
      "name": "private_table",
      "provider": "provider[\"registry.terraform.io/hashicorp/aws\"]",
      "instances": [
        {
          "index_key": 0,
          "schema_version": 0,
          "attributes": {
            "gateway_id": "",
            "id": "rtbassoc-0e7981394b3f3c098",
            "route_table_id": "rtb-0407cc0c87b2d2af9",
            "subnet_id": "subnet-05b8e29dc3156c2ea"
          },
          "sensitive_attributes": [],
          "private": "bnVsbA==",
          "dependencies": [
            "module.foundry_server.aws_route_table.foundry_private",
            "module.foundry_server.aws_subnet.foundry_privates",
            "module.foundry_server.aws_vpc.foundry",
            "module.foundry_server.data.aws_region.current"
          ]
        },
        {
          "index_key": 1,
          "schema_version": 0,
          "attributes": {
            "gateway_id": "",
            "id": "rtbassoc-0f6f42d106f810127",
            "route_table_id": "rtb-0407cc0c87b2d2af9",
            "subnet_id": "subnet-0fb749845945c2b85"
          },
          "sensitive_attributes": [],
          "private": "bnVsbA==",
          "dependencies": [
            "module.foundry_server.aws_route_table.foundry_private",
            "module.foundry_server.aws_subnet.foundry_privates",
            "module.foundry_server.aws_vpc.foundry",
            "module.foundry_server.data.aws_region.current"
          ]
        }
      ]
    },
    {
      "module": "module.foundry_server",
      "mode": "managed",
      "type": "aws_route_table_association",
      "name": "public_table",
      "provider": "provider[\"registry.terraform.io/hashicorp/aws\"]",
      "instances": [
        {
          "index_key": 0,
          "schema_version": 0,
          "attributes": {
            "gateway_id": "",
            "id": "rtbassoc-048c569c8f5f3c7ab",
            "route_table_id": "rtb-0f2ce02fd4b19d07a",
            "subnet_id": "subnet-02540fd11627cb9b0"
          },
          "sensitive_attributes": [],
          "private": "bnVsbA==",
          "dependencies": [
            "module.foundry_server.aws_route_table.foundry_public",
            "module.foundry_server.aws_subnet.foundry_publics",
            "module.foundry_server.aws_vpc.foundry",
            "module.foundry_server.data.aws_region.current"
          ]
        },
        {
          "index_key": 1,
          "schema_version": 0,
          "attributes": {
            "gateway_id": "",
            "id": "rtbassoc-04a5a4451420ba69d",
            "route_table_id": "rtb-0f2ce02fd4b19d07a",
            "subnet_id": "subnet-0860e20070ef3e20b"
          },
          "sensitive_attributes": [],
          "private": "bnVsbA==",
          "dependencies": [
            "module.foundry_server.aws_route_table.foundry_public",
            "module.foundry_server.aws_subnet.foundry_publics",
            "module.foundry_server.aws_vpc.foundry",
            "module.foundry_server.data.aws_region.current"
          ]
        }
      ]
    },
    {
      "module": "module.foundry_server",
      "mode": "managed",
      "type": "aws_s3_bucket",
      "name": "foundry_artifacts",
      "provider": "provider[\"registry.terraform.io/hashicorp/aws\"]",
      "instances": [
        {
          "schema_version": 0,
          "attributes": {
            "acceleration_status": "",
            "acl": null,
            "arn": "arn:aws:s3:::foundry-server-artifacts-default",
            "bucket": "foundry-server-artifacts-default",
            "bucket_domain_name": "foundry-server-artifacts-default.s3.amazonaws.com",
            "bucket_prefix": null,
            "bucket_regional_domain_name": "foundry-server-artifacts-default.s3.us-east-2.amazonaws.com",
            "cors_rule": [
              {
                "allowed_headers": [
                  "*"
                ],
                "allowed_methods": [
                  "POST",
                  "GET",
                  "HEAD"
                ],
                "allowed_origins": [
                  "*"
                ],
                "expose_headers": [],
                "max_age_seconds": 3000
              }
            ],
            "force_destroy": false,
            "grant": [
              {
                "id": "",
                "permissions": [
                  "READ"
                ],
                "type": "Group",
                "uri": "http://acs.amazonaws.com/groups/global/AllUsers"
              },
              {
                "id": "5fc1c63a80e9d3c6ca22c8092faa87bd6738d22c0d444b7f19c08c5ddff4a796",
                "permissions": [
                  "FULL_CONTROL"
                ],
                "type": "CanonicalUser",
                "uri": ""
              }
            ],
            "hosted_zone_id": "Z2O1EMRO9K5GLX",
            "id": "foundry-server-artifacts-default",
            "lifecycle_rule": [
              {
                "abort_incomplete_multipart_upload_days": 0,
                "enabled": true,
                "expiration": [],
                "id": "remove-old-data",
                "noncurrent_version_expiration": [
                  {
                    "days": 30
                  }
                ],
                "noncurrent_version_transition": [],
                "prefix": "data/",
                "tags": {},
                "transition": []
              }
            ],
            "logging": [],
            "object_lock_configuration": [],
            "object_lock_enabled": false,
            "policy": "",
            "region": "us-east-2",
            "replication_configuration": [],
            "request_payer": "BucketOwner",
            "server_side_encryption_configuration": [
              {
                "rule": [
                  {
                    "apply_server_side_encryption_by_default": [
                      {
                        "kms_master_key_id": "",
                        "sse_algorithm": "aws:kms"
                      }
                    ],
                    "bucket_key_enabled": false
                  }
                ]
              }
            ],
            "tags": {},
            "tags_all": {},
            "timeouts": null,
            "versioning": [
              {
                "enabled": false,
                "mfa_delete": false
              }
            ],
            "website": [],
            "website_domain": null,
            "website_endpoint": null
          },
          "sensitive_attributes": [],
          "private": "eyJlMmJmYjczMC1lY2FhLTExZTYtOGY4OC0zNDM2M2JjN2M0YzAiOnsiY3JlYXRlIjoxMjAwMDAwMDAwMDAwLCJkZWxldGUiOjM2MDAwMDAwMDAwMDAsInJlYWQiOjEyMDAwMDAwMDAwMDAsInVwZGF0ZSI6MTIwMDAwMDAwMDAwMH19"
        }
      ]
    },
    {
      "module": "module.foundry_server",
      "mode": "managed",
      "type": "aws_s3_bucket_acl",
      "name": "foundry_artifacts",
      "provider": "provider[\"registry.terraform.io/hashicorp/aws\"]",
      "instances": [
        {
          "schema_version": 0,
          "attributes": {
            "access_control_policy": [
              {
                "grant": [
                  {
                    "grantee": [
                      {
                        "display_name": "",
                        "email_address": "",
                        "id": "",
                        "type": "Group",
                        "uri": "http://acs.amazonaws.com/groups/global/AllUsers"
                      }
                    ],
                    "permission": "READ"
                  },
                  {
                    "grantee": [
                      {
                        "display_name": "",
                        "email_address": "",
                        "id": "5fc1c63a80e9d3c6ca22c8092faa87bd6738d22c0d444b7f19c08c5ddff4a796",
                        "type": "CanonicalUser",
                        "uri": ""
                      }
                    ],
                    "permission": "FULL_CONTROL"
                  }
                ],
                "owner": [
                  {
                    "display_name": "",
                    "id": "5fc1c63a80e9d3c6ca22c8092faa87bd6738d22c0d444b7f19c08c5ddff4a796"
                  }
                ]
              }
            ],
            "acl": "public-read",
            "bucket": "foundry-server-artifacts-default",
            "expected_bucket_owner": "",
            "id": "foundry-server-artifacts-default,public-read"
          },
          "sensitive_attributes": [],
          "private": "bnVsbA==",
          "dependencies": [
            "module.foundry_server.aws_s3_bucket.foundry_artifacts"
          ]
        }
      ]
    },
    {
      "module": "module.foundry_server",
      "mode": "managed",
      "type": "aws_s3_bucket_cors_configuration",
      "name": "foundry_artifacts",
      "provider": "provider[\"registry.terraform.io/hashicorp/aws\"]",
      "instances": [
        {
          "schema_version": 0,
          "attributes": {
            "bucket": "foundry-server-artifacts-default",
            "cors_rule": [
              {
                "allowed_headers": [
                  "*"
                ],
                "allowed_methods": [
                  "GET",
                  "HEAD",
                  "POST"
                ],
                "allowed_origins": [
                  "*"
                ],
                "expose_headers": [],
                "id": "",
                "max_age_seconds": 3000
              }
            ],
            "expected_bucket_owner": "",
            "id": "foundry-server-artifacts-default"
          },
          "sensitive_attributes": [],
          "private": "bnVsbA==",
          "dependencies": [
            "module.foundry_server.aws_s3_bucket.foundry_artifacts"
          ]
        }
      ]
    },
    {
      "module": "module.foundry_server",
      "mode": "managed",
      "type": "aws_s3_bucket_lifecycle_configuration",
      "name": "foundry_artifacts",
      "provider": "provider[\"registry.terraform.io/hashicorp/aws\"]",
      "instances": [
        {
          "schema_version": 0,
          "attributes": {
            "bucket": "foundry-server-artifacts-default",
            "expected_bucket_owner": "",
            "id": "foundry-server-artifacts-default",
            "rule": [
              {
                "abort_incomplete_multipart_upload": [],
                "expiration": [],
                "filter": [
                  {
                    "and": [],
                    "object_size_greater_than": "",
                    "object_size_less_than": "",
                    "prefix": "data/",
                    "tag": []
                  }
                ],
                "id": "remove-old-data",
                "noncurrent_version_expiration": [
                  {
                    "newer_noncurrent_versions": "",
                    "noncurrent_days": 30
                  }
                ],
                "noncurrent_version_transition": [],
                "prefix": "",
                "status": "Enabled",
                "transition": []
              }
            ]
          },
          "sensitive_attributes": [],
          "private": "bnVsbA==",
          "dependencies": [
            "module.foundry_server.aws_s3_bucket.foundry_artifacts"
          ]
        }
      ]
    },
    {
      "module": "module.foundry_server",
      "mode": "managed",
      "type": "aws_s3_bucket_server_side_encryption_configuration",
      "name": "foundry_artifacts",
      "provider": "provider[\"registry.terraform.io/hashicorp/aws\"]",
      "instances": [
        {
          "schema_version": 0,
          "attributes": {
            "bucket": "foundry-server-artifacts-default",
            "expected_bucket_owner": "",
            "id": "foundry-server-artifacts-default",
            "rule": [
              {
                "apply_server_side_encryption_by_default": [
                  {
                    "kms_master_key_id": "",
                    "sse_algorithm": "aws:kms"
                  }
                ],
                "bucket_key_enabled": false
              }
            ]
          },
          "sensitive_attributes": [],
          "private": "bnVsbA==",
          "dependencies": [
            "module.foundry_server.aws_s3_bucket.foundry_artifacts"
          ]
        }
      ]
    },
    {
      "module": "module.foundry_server",
      "mode": "managed",
      "type": "aws_s3_bucket_versioning",
      "name": "foundry_artifacts",
      "provider": "provider[\"registry.terraform.io/hashicorp/aws\"]",
      "instances": [
        {
          "schema_version": 0,
          "attributes": {
            "bucket": "foundry-server-artifacts-default",
            "expected_bucket_owner": "",
            "id": "foundry-server-artifacts-default",
            "mfa": null,
            "versioning_configuration": [
              {
                "mfa_delete": "",
                "status": "Disabled"
              }
            ]
          },
          "sensitive_attributes": [],
          "private": "bnVsbA==",
          "dependencies": [
            "module.foundry_server.aws_s3_bucket.foundry_artifacts"
          ]
        }
      ]
    },
    {
      "module": "module.foundry_server",
      "mode": "managed",
      "type": "aws_security_group",
      "name": "foundry_data_mount",
      "provider": "provider[\"registry.terraform.io/hashicorp/aws\"]",
      "instances": [
        {
          "schema_version": 1,
          "attributes": {
            "arn": "arn:aws:ec2:us-east-2:373055206579:security-group/sg-0d6321e5e1585ef4c",
            "description": "Managed by Terraform",
            "egress": [
              {
                "cidr_blocks": [
                  "0.0.0.0/0"
                ],
                "description": "",
                "from_port": 0,
                "ipv6_cidr_blocks": [],
                "prefix_list_ids": [],
                "protocol": "tcp",
                "security_groups": [],
                "self": false,
                "to_port": 65535
              }
            ],
            "id": "sg-0d6321e5e1585ef4c",
            "ingress": [
              {
                "cidr_blocks": [],
                "description": "",
                "from_port": 2049,
                "ipv6_cidr_blocks": [],
                "prefix_list_ids": [],
                "protocol": "tcp",
                "security_groups": [
                  "sg-081690a70c09ea2a5"
                ],
                "self": false,
                "to_port": 2049
              }
            ],
            "name": "foundry-data-mount-sg-default20221110160743244600000003",
            "name_prefix": "foundry-data-mount-sg-default",
            "owner_id": "373055206579",
            "revoke_rules_on_delete": true,
            "tags": {},
            "tags_all": {},
            "timeouts": null,
            "vpc_id": "vpc-02bbe7e2d5bc3e2c3"
          },
          "sensitive_attributes": [],
          "private": "eyJlMmJmYjczMC1lY2FhLTExZTYtOGY4OC0zNDM2M2JjN2M0YzAiOnsiY3JlYXRlIjo2MDAwMDAwMDAwMDAsImRlbGV0ZSI6OTAwMDAwMDAwMDAwfSwic2NoZW1hX3ZlcnNpb24iOiIxIn0=",
          "dependencies": [
            "module.foundry_server.aws_vpc.foundry"
          ]
        }
      ]
    },
    {
      "module": "module.foundry_server",
      "mode": "managed",
      "type": "aws_security_group",
      "name": "foundry_load_balancer",
      "provider": "provider[\"registry.terraform.io/hashicorp/aws\"]",
      "instances": [
        {
          "schema_version": 1,
          "attributes": {
            "arn": "arn:aws:ec2:us-east-2:373055206579:security-group/sg-0dbfc96e6f194fd94",
            "description": "Managed by Terraform",
            "egress": [
              {
                "cidr_blocks": [],
                "description": "",
                "from_port": 30000,
                "ipv6_cidr_blocks": [],
                "prefix_list_ids": [],
                "protocol": "tcp",
                "security_groups": [
                  "sg-081690a70c09ea2a5"
                ],
                "self": false,
                "to_port": 30000
              }
            ],
            "id": "sg-0dbfc96e6f194fd94",
            "ingress": [
              {
                "cidr_blocks": [
                  "0.0.0.0/0"
                ],
                "description": "",
                "from_port": 443,
                "ipv6_cidr_blocks": [],
                "prefix_list_ids": [],
                "protocol": "tcp",
                "security_groups": [],
                "self": false,
                "to_port": 443
              },
              {
                "cidr_blocks": [
                  "0.0.0.0/0"
                ],
                "description": "",
                "from_port": 80,
                "ipv6_cidr_blocks": [],
                "prefix_list_ids": [],
                "protocol": "tcp",
                "security_groups": [],
                "self": false,
                "to_port": 80
              }
            ],
            "name": "foundry-lb-sg-default20221110160743884100000004",
            "name_prefix": "foundry-lb-sg-default",
            "owner_id": "373055206579",
            "revoke_rules_on_delete": true,
            "tags": {},
            "tags_all": {},
            "timeouts": null,
            "vpc_id": "vpc-02bbe7e2d5bc3e2c3"
          },
          "sensitive_attributes": [],
          "private": "eyJlMmJmYjczMC1lY2FhLTExZTYtOGY4OC0zNDM2M2JjN2M0YzAiOnsiY3JlYXRlIjo2MDAwMDAwMDAwMDAsImRlbGV0ZSI6OTAwMDAwMDAwMDAwfSwic2NoZW1hX3ZlcnNpb24iOiIxIn0=",
          "dependencies": [
            "module.foundry_server.aws_internet_gateway.foundry",
            "module.foundry_server.aws_vpc.foundry"
          ],
          "create_before_destroy": true
        }
      ]
    },
    {
      "module": "module.foundry_server",
      "mode": "managed",
      "type": "aws_security_group",
      "name": "foundry_server",
      "provider": "provider[\"registry.terraform.io/hashicorp/aws\"]",
      "instances": [
        {
          "schema_version": 1,
          "attributes": {
            "arn": "arn:aws:ec2:us-east-2:373055206579:security-group/sg-081690a70c09ea2a5",
            "description": "Managed by Terraform",
            "egress": [
              {
                "cidr_blocks": [
                  "0.0.0.0/0"
                ],
                "description": "",
                "from_port": 0,
                "ipv6_cidr_blocks": [],
                "prefix_list_ids": [],
                "protocol": "tcp",
                "security_groups": [],
                "self": false,
                "to_port": 65535
              }
            ],
            "id": "sg-081690a70c09ea2a5",
            "ingress": [
              {
                "cidr_blocks": [],
                "description": "",
                "from_port": 30000,
                "ipv6_cidr_blocks": [],
                "prefix_list_ids": [],
                "protocol": "tcp",
                "security_groups": [
                  "sg-0dbfc96e6f194fd94"
                ],
                "self": false,
                "to_port": 30000
              }
            ],
            "name": "foundry-server-sg-default20221110160743244200000002",
            "name_prefix": "foundry-server-sg-default",
            "owner_id": "373055206579",
            "revoke_rules_on_delete": true,
            "tags": {},
            "tags_all": {},
            "timeouts": null,
            "vpc_id": "vpc-02bbe7e2d5bc3e2c3"
          },
          "sensitive_attributes": [],
          "private": "eyJlMmJmYjczMC1lY2FhLTExZTYtOGY4OC0zNDM2M2JjN2M0YzAiOnsiY3JlYXRlIjo2MDAwMDAwMDAwMDAsImRlbGV0ZSI6OTAwMDAwMDAwMDAwfSwic2NoZW1hX3ZlcnNpb24iOiIxIn0=",
          "dependencies": [
            "module.foundry_server.aws_vpc.foundry"
          ],
          "create_before_destroy": true
        }
      ]
    },
    {
      "module": "module.foundry_server",
      "mode": "managed",
      "type": "aws_security_group_rule",
      "name": "allow_foundry_port_ingress",
      "provider": "provider[\"registry.terraform.io/hashicorp/aws\"]",
      "instances": [
        {
          "schema_version": 2,
          "attributes": {
            "cidr_blocks": null,
            "description": "",
            "from_port": 30000,
            "id": "sgrule-2013492666",
            "ipv6_cidr_blocks": null,
            "prefix_list_ids": null,
            "protocol": "tcp",
            "security_group_id": "sg-081690a70c09ea2a5",
            "self": false,
            "source_security_group_id": "sg-0dbfc96e6f194fd94",
            "timeouts": null,
            "to_port": 30000,
            "type": "ingress"
          },
          "sensitive_attributes": [],
          "private": "eyJlMmJmYjczMC1lY2FhLTExZTYtOGY4OC0zNDM2M2JjN2M0YzAiOnsiY3JlYXRlIjozMDAwMDAwMDAwMDB9LCJzY2hlbWFfdmVyc2lvbiI6IjIifQ==",
          "dependencies": [
            "module.foundry_server.aws_internet_gateway.foundry",
            "module.foundry_server.aws_security_group.foundry_load_balancer",
            "module.foundry_server.aws_security_group.foundry_server",
            "module.foundry_server.aws_vpc.foundry"
          ]
        }
      ]
    },
    {
      "module": "module.foundry_server",
      "mode": "managed",
      "type": "aws_security_group_rule",
      "name": "allow_outbound",
      "provider": "provider[\"registry.terraform.io/hashicorp/aws\"]",
      "instances": [
        {
          "schema_version": 2,
          "attributes": {
            "cidr_blocks": [
              "0.0.0.0/0"
            ],
            "description": "",
            "from_port": 0,
            "id": "sgrule-1284253788",
            "ipv6_cidr_blocks": null,
            "prefix_list_ids": null,
            "protocol": "tcp",
            "security_group_id": "sg-081690a70c09ea2a5",
            "self": false,
            "source_security_group_id": null,
            "timeouts": null,
            "to_port": 65535,
            "type": "egress"
          },
          "sensitive_attributes": [],
          "private": "eyJlMmJmYjczMC1lY2FhLTExZTYtOGY4OC0zNDM2M2JjN2M0YzAiOnsiY3JlYXRlIjozMDAwMDAwMDAwMDB9LCJzY2hlbWFfdmVyc2lvbiI6IjIifQ==",
          "dependencies": [
            "module.foundry_server.aws_security_group.foundry_server",
            "module.foundry_server.aws_vpc.foundry"
          ]
        }
      ]
    },
    {
      "module": "module.foundry_server",
      "mode": "managed",
      "type": "aws_security_group_rule",
      "name": "foundry_data_mount_allow_nfs",
      "provider": "provider[\"registry.terraform.io/hashicorp/aws\"]",
      "instances": [
        {
          "schema_version": 2,
          "attributes": {
            "cidr_blocks": null,
            "description": "",
            "from_port": 2049,
            "id": "sgrule-193912693",
            "ipv6_cidr_blocks": null,
            "prefix_list_ids": null,
            "protocol": "tcp",
            "security_group_id": "sg-0d6321e5e1585ef4c",
            "self": false,
            "source_security_group_id": "sg-081690a70c09ea2a5",
            "timeouts": null,
            "to_port": 2049,
            "type": "ingress"
          },
          "sensitive_attributes": [],
          "private": "eyJlMmJmYjczMC1lY2FhLTExZTYtOGY4OC0zNDM2M2JjN2M0YzAiOnsiY3JlYXRlIjozMDAwMDAwMDAwMDB9LCJzY2hlbWFfdmVyc2lvbiI6IjIifQ==",
          "dependencies": [
            "module.foundry_server.aws_security_group.foundry_data_mount",
            "module.foundry_server.aws_security_group.foundry_server",
            "module.foundry_server.aws_vpc.foundry"
          ]
        }
      ]
    },
    {
      "module": "module.foundry_server",
      "mode": "managed",
      "type": "aws_security_group_rule",
      "name": "foundry_data_mount_allow_outbound",
      "provider": "provider[\"registry.terraform.io/hashicorp/aws\"]",
      "instances": [
        {
          "schema_version": 2,
          "attributes": {
            "cidr_blocks": [
              "0.0.0.0/0"
            ],
            "description": "",
            "from_port": 0,
            "id": "sgrule-3584391049",
            "ipv6_cidr_blocks": null,
            "prefix_list_ids": null,
            "protocol": "tcp",
            "security_group_id": "sg-0d6321e5e1585ef4c",
            "self": false,
            "source_security_group_id": null,
            "timeouts": null,
            "to_port": 65535,
            "type": "egress"
          },
          "sensitive_attributes": [],
          "private": "eyJlMmJmYjczMC1lY2FhLTExZTYtOGY4OC0zNDM2M2JjN2M0YzAiOnsiY3JlYXRlIjozMDAwMDAwMDAwMDB9LCJzY2hlbWFfdmVyc2lvbiI6IjIifQ==",
          "dependencies": [
            "module.foundry_server.aws_security_group.foundry_data_mount",
            "module.foundry_server.aws_vpc.foundry"
          ]
        }
      ]
    },
    {
      "module": "module.foundry_server",
      "mode": "managed",
      "type": "aws_security_group_rule",
      "name": "lb_allow_foundry_port_egress",
      "provider": "provider[\"registry.terraform.io/hashicorp/aws\"]",
      "instances": [
        {
          "schema_version": 2,
          "attributes": {
            "cidr_blocks": null,
            "description": "",
            "from_port": 30000,
            "id": "sgrule-3262464779",
            "ipv6_cidr_blocks": null,
            "prefix_list_ids": null,
            "protocol": "tcp",
            "security_group_id": "sg-0dbfc96e6f194fd94",
            "self": false,
            "source_security_group_id": "sg-081690a70c09ea2a5",
            "timeouts": null,
            "to_port": 30000,
            "type": "egress"
          },
          "sensitive_attributes": [],
          "private": "eyJlMmJmYjczMC1lY2FhLTExZTYtOGY4OC0zNDM2M2JjN2M0YzAiOnsiY3JlYXRlIjozMDAwMDAwMDAwMDB9LCJzY2hlbWFfdmVyc2lvbiI6IjIifQ==",
          "dependencies": [
            "module.foundry_server.aws_internet_gateway.foundry",
            "module.foundry_server.aws_security_group.foundry_load_balancer",
            "module.foundry_server.aws_security_group.foundry_server",
            "module.foundry_server.aws_vpc.foundry"
          ]
        }
      ]
    },
    {
      "module": "module.foundry_server",
      "mode": "managed",
      "type": "aws_security_group_rule",
      "name": "lb_allow_inbound_443",
      "provider": "provider[\"registry.terraform.io/hashicorp/aws\"]",
      "instances": [
        {
          "schema_version": 2,
          "attributes": {
            "cidr_blocks": [
              "0.0.0.0/0"
            ],
            "description": "",
            "from_port": 443,
            "id": "sgrule-3235605663",
            "ipv6_cidr_blocks": null,
            "prefix_list_ids": null,
            "protocol": "tcp",
            "security_group_id": "sg-0dbfc96e6f194fd94",
            "self": false,
            "source_security_group_id": null,
            "timeouts": null,
            "to_port": 443,
            "type": "ingress"
          },
          "sensitive_attributes": [],
          "private": "eyJlMmJmYjczMC1lY2FhLTExZTYtOGY4OC0zNDM2M2JjN2M0YzAiOnsiY3JlYXRlIjozMDAwMDAwMDAwMDB9LCJzY2hlbWFfdmVyc2lvbiI6IjIifQ==",
          "dependencies": [
            "module.foundry_server.aws_internet_gateway.foundry",
            "module.foundry_server.aws_security_group.foundry_load_balancer",
            "module.foundry_server.aws_vpc.foundry"
          ]
        }
      ]
    },
    {
      "module": "module.foundry_server",
      "mode": "managed",
      "type": "aws_security_group_rule",
      "name": "lb_allow_inbound_80",
      "provider": "provider[\"registry.terraform.io/hashicorp/aws\"]",
      "instances": [
        {
          "schema_version": 2,
          "attributes": {
            "cidr_blocks": [
              "0.0.0.0/0"
            ],
            "description": "",
            "from_port": 80,
            "id": "sgrule-3787238552",
            "ipv6_cidr_blocks": null,
            "prefix_list_ids": null,
            "protocol": "tcp",
            "security_group_id": "sg-0dbfc96e6f194fd94",
            "self": false,
            "source_security_group_id": null,
            "timeouts": null,
            "to_port": 80,
            "type": "ingress"
          },
          "sensitive_attributes": [],
          "private": "eyJlMmJmYjczMC1lY2FhLTExZTYtOGY4OC0zNDM2M2JjN2M0YzAiOnsiY3JlYXRlIjozMDAwMDAwMDAwMDB9LCJzY2hlbWFfdmVyc2lvbiI6IjIifQ==",
          "dependencies": [
            "module.foundry_server.aws_internet_gateway.foundry",
            "module.foundry_server.aws_security_group.foundry_load_balancer",
            "module.foundry_server.aws_vpc.foundry"
          ]
        }
      ]
    },
    {
      "module": "module.foundry_server",
      "mode": "managed",
      "type": "aws_ssm_parameter",
      "name": "foundry_admin_key",
      "provider": "provider[\"registry.terraform.io/hashicorp/aws\"]",
      "instances": [
        {
          "index_key": 0,
          "schema_version": 0,
          "attributes": {
            "allowed_pattern": "",
            "arn": "arn:aws:ssm:us-east-2:373055206579:parameter/foundryvtt-terraform/default/admin_key",
            "data_type": "text",
            "description": "Used exclusively by the foundry server to configure the foundry tool.",
            "id": "/foundryvtt-terraform/default/admin_key",
            "insecure_value": null,
            "key_id": "arn:aws:kms:us-east-2:373055206579:key/9756b1fd-f377-4140-898e-683c9fec4fb4",
            "name": "/foundryvtt-terraform/default/admin_key",
            "overwrite": null,
            "tags": {},
            "tags_all": {},
            "tier": "Standard",
            "type": "SecureString",
            "value": "Shirak#0",
            "version": 1
          },
          "sensitive_attributes": [],
          "private": "bnVsbA==",
          "dependencies": [
            "module.foundry_server.aws_iam_role.foundry_server",
            "module.foundry_server.aws_kms_key.foundry_server_credentials",
            "module.foundry_server.data.aws_iam_policy_document.foundry_server_assume_role",
            "module.foundry_server.data.aws_iam_policy_document.foundry_server_kms_key"
          ],
          "create_before_destroy": true
        }
      ]
    },
    {
      "module": "module.foundry_server",
      "mode": "managed",
      "type": "aws_ssm_parameter",
      "name": "foundry_password",
      "provider": "provider[\"registry.terraform.io/hashicorp/aws\"]",
      "instances": [
        {
          "schema_version": 0,
          "attributes": {
            "allowed_pattern": "",
            "arn": "arn:aws:ssm:us-east-2:373055206579:parameter/foundryvtt-terraform/default/password",
            "data_type": "text",
            "description": "Used exclusively by the foundry server to configure the foundry tool.",
            "id": "/foundryvtt-terraform/default/password",
            "insecure_value": null,
            "key_id": "arn:aws:kms:us-east-2:373055206579:key/9756b1fd-f377-4140-898e-683c9fec4fb4",
            "name": "/foundryvtt-terraform/default/password",
            "overwrite": null,
            "tags": {},
            "tags_all": {},
            "tier": "Standard",
            "type": "SecureString",
            "value": "Wp1u8Y4Efgs4",
            "version": 1
          },
          "sensitive_attributes": [],
          "private": "bnVsbA==",
          "dependencies": [
            "module.foundry_server.aws_iam_role.foundry_server",
            "module.foundry_server.aws_kms_key.foundry_server_credentials",
            "module.foundry_server.data.aws_iam_policy_document.foundry_server_assume_role",
            "module.foundry_server.data.aws_iam_policy_document.foundry_server_kms_key"
          ],
          "create_before_destroy": true
        }
      ]
    },
    {
      "module": "module.foundry_server",
      "mode": "managed",
      "type": "aws_ssm_parameter",
      "name": "foundry_username",
      "provider": "provider[\"registry.terraform.io/hashicorp/aws\"]",
      "instances": [
        {
          "schema_version": 0,
          "attributes": {
            "allowed_pattern": "",
            "arn": "arn:aws:ssm:us-east-2:373055206579:parameter/foundryvtt-terraform/default/username",
            "data_type": "text",
            "description": "Used exclusively by the foundry server to configure the foundry tool.",
            "id": "/foundryvtt-terraform/default/username",
            "insecure_value": null,
            "key_id": "arn:aws:kms:us-east-2:373055206579:key/9756b1fd-f377-4140-898e-683c9fec4fb4",
            "name": "/foundryvtt-terraform/default/username",
            "overwrite": null,
            "tags": {},
            "tags_all": {},
            "tier": "Standard",
            "type": "SecureString",
            "value": "tulta-munille",
            "version": 1
          },
          "sensitive_attributes": [],
          "private": "bnVsbA==",
          "dependencies": [
            "module.foundry_server.aws_iam_role.foundry_server",
            "module.foundry_server.aws_kms_key.foundry_server_credentials",
            "module.foundry_server.data.aws_iam_policy_document.foundry_server_assume_role",
            "module.foundry_server.data.aws_iam_policy_document.foundry_server_kms_key"
          ],
          "create_before_destroy": true
        }
      ]
    },
    {
      "module": "module.foundry_server",
      "mode": "managed",
      "type": "aws_subnet",
      "name": "foundry_privates",
      "provider": "provider[\"registry.terraform.io/hashicorp/aws\"]",
      "instances": [
        {
          "index_key": 0,
          "schema_version": 1,
          "attributes": {
            "arn": "arn:aws:ec2:us-east-2:373055206579:subnet/subnet-05b8e29dc3156c2ea",
            "assign_ipv6_address_on_creation": false,
            "availability_zone": "us-east-2a",
            "availability_zone_id": "use2-az1",
            "cidr_block": "20.0.2.0/24",
            "customer_owned_ipv4_pool": "",
            "enable_dns64": false,
            "enable_resource_name_dns_a_record_on_launch": false,
            "enable_resource_name_dns_aaaa_record_on_launch": false,
            "id": "subnet-05b8e29dc3156c2ea",
            "ipv6_cidr_block": "",
            "ipv6_cidr_block_association_id": "",
            "ipv6_native": false,
            "map_customer_owned_ip_on_launch": false,
            "map_public_ip_on_launch": false,
            "outpost_arn": "",
            "owner_id": "373055206579",
            "private_dns_hostname_type_on_launch": "ip-name",
            "tags": {
              "Name": "foundry-private-0-default"
            },
            "tags_all": {
              "Name": "foundry-private-0-default"
            },
            "timeouts": null,
            "vpc_id": "vpc-02bbe7e2d5bc3e2c3"
          },
          "sensitive_attributes": [],
          "private": "eyJlMmJmYjczMC1lY2FhLTExZTYtOGY4OC0zNDM2M2JjN2M0YzAiOnsiY3JlYXRlIjo2MDAwMDAwMDAwMDAsImRlbGV0ZSI6MTIwMDAwMDAwMDAwMH0sInNjaGVtYV92ZXJzaW9uIjoiMSJ9",
          "dependencies": [
            "module.foundry_server.aws_vpc.foundry",
            "module.foundry_server.data.aws_region.current"
          ],
          "create_before_destroy": true
        },
        {
          "index_key": 1,
          "schema_version": 1,
          "attributes": {
            "arn": "arn:aws:ec2:us-east-2:373055206579:subnet/subnet-0fb749845945c2b85",
            "assign_ipv6_address_on_creation": false,
            "availability_zone": "us-east-2b",
            "availability_zone_id": "use2-az2",
            "cidr_block": "20.0.3.0/24",
            "customer_owned_ipv4_pool": "",
            "enable_dns64": false,
            "enable_resource_name_dns_a_record_on_launch": false,
            "enable_resource_name_dns_aaaa_record_on_launch": false,
            "id": "subnet-0fb749845945c2b85",
            "ipv6_cidr_block": "",
            "ipv6_cidr_block_association_id": "",
            "ipv6_native": false,
            "map_customer_owned_ip_on_launch": false,
            "map_public_ip_on_launch": false,
            "outpost_arn": "",
            "owner_id": "373055206579",
            "private_dns_hostname_type_on_launch": "ip-name",
            "tags": {
              "Name": "foundry-private-1-default"
            },
            "tags_all": {
              "Name": "foundry-private-1-default"
            },
            "timeouts": null,
            "vpc_id": "vpc-02bbe7e2d5bc3e2c3"
          },
          "sensitive_attributes": [],
          "private": "eyJlMmJmYjczMC1lY2FhLTExZTYtOGY4OC0zNDM2M2JjN2M0YzAiOnsiY3JlYXRlIjo2MDAwMDAwMDAwMDAsImRlbGV0ZSI6MTIwMDAwMDAwMDAwMH0sInNjaGVtYV92ZXJzaW9uIjoiMSJ9",
          "dependencies": [
            "module.foundry_server.aws_vpc.foundry",
            "module.foundry_server.data.aws_region.current"
          ],
          "create_before_destroy": true
        }
      ]
    },
    {
      "module": "module.foundry_server",
      "mode": "managed",
      "type": "aws_subnet",
      "name": "foundry_publics",
      "provider": "provider[\"registry.terraform.io/hashicorp/aws\"]",
      "instances": [
        {
          "index_key": 0,
          "schema_version": 1,
          "attributes": {
            "arn": "arn:aws:ec2:us-east-2:373055206579:subnet/subnet-02540fd11627cb9b0",
            "assign_ipv6_address_on_creation": false,
            "availability_zone": "us-east-2a",
            "availability_zone_id": "use2-az1",
            "cidr_block": "20.0.0.0/24",
            "customer_owned_ipv4_pool": "",
            "enable_dns64": false,
            "enable_resource_name_dns_a_record_on_launch": false,
            "enable_resource_name_dns_aaaa_record_on_launch": false,
            "id": "subnet-02540fd11627cb9b0",
            "ipv6_cidr_block": "",
            "ipv6_cidr_block_association_id": "",
            "ipv6_native": false,
            "map_customer_owned_ip_on_launch": false,
            "map_public_ip_on_launch": false,
            "outpost_arn": "",
            "owner_id": "373055206579",
            "private_dns_hostname_type_on_launch": "ip-name",
            "tags": {
              "Name": "foundry-public-0-default"
            },
            "tags_all": {
              "Name": "foundry-public-0-default"
            },
            "timeouts": null,
            "vpc_id": "vpc-02bbe7e2d5bc3e2c3"
          },
          "sensitive_attributes": [],
          "private": "eyJlMmJmYjczMC1lY2FhLTExZTYtOGY4OC0zNDM2M2JjN2M0YzAiOnsiY3JlYXRlIjo2MDAwMDAwMDAwMDAsImRlbGV0ZSI6MTIwMDAwMDAwMDAwMH0sInNjaGVtYV92ZXJzaW9uIjoiMSJ9",
          "dependencies": [
            "module.foundry_server.aws_vpc.foundry",
            "module.foundry_server.data.aws_region.current"
          ],
          "create_before_destroy": true
        },
        {
          "index_key": 1,
          "schema_version": 1,
          "attributes": {
            "arn": "arn:aws:ec2:us-east-2:373055206579:subnet/subnet-0860e20070ef3e20b",
            "assign_ipv6_address_on_creation": false,
            "availability_zone": "us-east-2b",
            "availability_zone_id": "use2-az2",
            "cidr_block": "20.0.1.0/24",
            "customer_owned_ipv4_pool": "",
            "enable_dns64": false,
            "enable_resource_name_dns_a_record_on_launch": false,
            "enable_resource_name_dns_aaaa_record_on_launch": false,
            "id": "subnet-0860e20070ef3e20b",
            "ipv6_cidr_block": "",
            "ipv6_cidr_block_association_id": "",
            "ipv6_native": false,
            "map_customer_owned_ip_on_launch": false,
            "map_public_ip_on_launch": false,
            "outpost_arn": "",
            "owner_id": "373055206579",
            "private_dns_hostname_type_on_launch": "ip-name",
            "tags": {
              "Name": "foundry-public-1-default"
            },
            "tags_all": {
              "Name": "foundry-public-1-default"
            },
            "timeouts": null,
            "vpc_id": "vpc-02bbe7e2d5bc3e2c3"
          },
          "sensitive_attributes": [],
          "private": "eyJlMmJmYjczMC1lY2FhLTExZTYtOGY4OC0zNDM2M2JjN2M0YzAiOnsiY3JlYXRlIjo2MDAwMDAwMDAwMDAsImRlbGV0ZSI6MTIwMDAwMDAwMDAwMH0sInNjaGVtYV92ZXJzaW9uIjoiMSJ9",
          "dependencies": [
            "module.foundry_server.aws_vpc.foundry",
            "module.foundry_server.data.aws_region.current"
          ],
          "create_before_destroy": true
        }
      ]
    },
    {
      "module": "module.foundry_server",
      "mode": "managed",
      "type": "aws_vpc",
      "name": "foundry",
      "provider": "provider[\"registry.terraform.io/hashicorp/aws\"]",
      "instances": [
        {
          "schema_version": 1,
          "attributes": {
            "arn": "arn:aws:ec2:us-east-2:373055206579:vpc/vpc-02bbe7e2d5bc3e2c3",
            "assign_generated_ipv6_cidr_block": false,
            "cidr_block": "20.0.0.0/22",
            "default_network_acl_id": "acl-083dd692ccd4e5597",
            "default_route_table_id": "rtb-06cf9f18c2e0a6f48",
            "default_security_group_id": "sg-0d2498353e8cbdd7a",
            "dhcp_options_id": "dopt-0e60b209f55ab6a03",
            "enable_classiclink": false,
            "enable_classiclink_dns_support": false,
            "enable_dns_hostnames": true,
            "enable_dns_support": true,
            "enable_network_address_usage_metrics": false,
            "id": "vpc-02bbe7e2d5bc3e2c3",
            "instance_tenancy": "default",
            "ipv4_ipam_pool_id": null,
            "ipv4_netmask_length": null,
            "ipv6_association_id": "",
            "ipv6_cidr_block": "",
            "ipv6_cidr_block_network_border_group": "",
            "ipv6_ipam_pool_id": "",
            "ipv6_netmask_length": 0,
            "main_route_table_id": "rtb-06cf9f18c2e0a6f48",
            "owner_id": "373055206579",
            "tags": {
              "Name": "foundry-default"
            },
            "tags_all": {
              "Name": "foundry-default"
            }
          },
          "sensitive_attributes": [],
          "private": "eyJzY2hlbWFfdmVyc2lvbiI6IjEifQ==",
          "create_before_destroy": true
        }
      ]
    }
  ],
  "check_results": null
}
